// !$*UTF8*$!
{
	archiveVersion = 1;
	classes = {
	};
	objectVersion = 55;
	objects = {

/* Begin PBXBuildFile section */
		2D6140F729183C1700D2F68A /* PokemonTableViewCell.swift in Sources */ = {isa = PBXBuildFile; fileRef = 2D6140F529183C1700D2F68A /* PokemonTableViewCell.swift */; };
		2D6140F829183C1700D2F68A /* PokemonTableViewCell.xib in Resources */ = {isa = PBXBuildFile; fileRef = 2D6140F629183C1700D2F68A /* PokemonTableViewCell.xib */; };
		2D6141002919918300D2F68A /* SDWebImage in Frameworks */ = {isa = PBXBuildFile; productRef = 2D6140FF2919918300D2F68A /* SDWebImage */; };
		2D6141022919A59300D2F68A /* PokemonDetailsViewModel.swift in Sources */ = {isa = PBXBuildFile; fileRef = 2D6141012919A59300D2F68A /* PokemonDetailsViewModel.swift */; };
		2D614116291ACEB800D2F68A /* UIKit+extensions.swift in Sources */ = {isa = PBXBuildFile; fileRef = 2D614115291ACEB800D2F68A /* UIKit+extensions.swift */; };
		2D614118291AE4FC00D2F68A /* AppRouter.swift in Sources */ = {isa = PBXBuildFile; fileRef = 2D614117291AE4FC00D2F68A /* AppRouter.swift */; };
		2D61411A291C399C00D2F68A /* Constants.swift in Sources */ = {isa = PBXBuildFile; fileRef = 2D614119291C399C00D2F68A /* Constants.swift */; };
		2D61411D291C415E00D2F68A /* PokemonDetailsViewController.swift in Sources */ = {isa = PBXBuildFile; fileRef = 2D61411B291C415E00D2F68A /* PokemonDetailsViewController.swift */; };
		2D61411E291C415E00D2F68A /* PokemonDetailsViewController.xib in Resources */ = {isa = PBXBuildFile; fileRef = 2D61411C291C415E00D2F68A /* PokemonDetailsViewController.xib */; };
		2D614125292162B500D2F68A /* DetailsPageViewController.swift in Sources */ = {isa = PBXBuildFile; fileRef = 2D614124292162B500D2F68A /* DetailsPageViewController.swift */; };
		2D61413129216C7B00D2F68A /* AboutViewController.swift in Sources */ = {isa = PBXBuildFile; fileRef = 2D61412F29216C7B00D2F68A /* AboutViewController.swift */; };
		2D61413229216C7B00D2F68A /* AboutViewController.xib in Resources */ = {isa = PBXBuildFile; fileRef = 2D61413029216C7B00D2F68A /* AboutViewController.xib */; };
		2D61413529216C8A00D2F68A /* StatsViewController.swift in Sources */ = {isa = PBXBuildFile; fileRef = 2D61413329216C8A00D2F68A /* StatsViewController.swift */; };
		2D61413629216C8A00D2F68A /* StatsViewController.xib in Resources */ = {isa = PBXBuildFile; fileRef = 2D61413429216C8A00D2F68A /* StatsViewController.xib */; };
		2D61413929216CA300D2F68A /* EvolutionViewController.swift in Sources */ = {isa = PBXBuildFile; fileRef = 2D61413729216CA300D2F68A /* EvolutionViewController.swift */; };
		2D61413A29216CA300D2F68A /* EvolutionViewController.xib in Resources */ = {isa = PBXBuildFile; fileRef = 2D61413829216CA300D2F68A /* EvolutionViewController.xib */; };
		2D61413C29216E2400D2F68A /* AboutViewModel.swift in Sources */ = {isa = PBXBuildFile; fileRef = 2D61413B29216E2400D2F68A /* AboutViewModel.swift */; };
		2D61413E292176A000D2F68A /* StatsViewModel.swift in Sources */ = {isa = PBXBuildFile; fileRef = 2D61413D292176A000D2F68A /* StatsViewModel.swift */; };
		2D6141402921777700D2F68A /* EvolutionViewModel.swift in Sources */ = {isa = PBXBuildFile; fileRef = 2D61413F2921777700D2F68A /* EvolutionViewModel.swift */; };
		2D6141512922771200D2F68A /* Orbitron-Regular.ttf in Resources */ = {isa = PBXBuildFile; fileRef = 2D61414B2922771200D2F68A /* Orbitron-Regular.ttf */; };
		2D6141552923C51600D2F68A /* Orbitron-Bold.ttf in Resources */ = {isa = PBXBuildFile; fileRef = 2D6141542923C51600D2F68A /* Orbitron-Bold.ttf */; };
		2DD0B645290949B6008B9BB5 /* AppDelegate.swift in Sources */ = {isa = PBXBuildFile; fileRef = 2DD0B644290949B6008B9BB5 /* AppDelegate.swift */; };
		2DD0B647290949B6008B9BB5 /* SceneDelegate.swift in Sources */ = {isa = PBXBuildFile; fileRef = 2DD0B646290949B6008B9BB5 /* SceneDelegate.swift */; };
		2DD0B64E290949B8008B9BB5 /* Assets.xcassets in Resources */ = {isa = PBXBuildFile; fileRef = 2DD0B64D290949B8008B9BB5 /* Assets.xcassets */; };
		2DD0B651290949B8008B9BB5 /* LaunchScreen.storyboard in Resources */ = {isa = PBXBuildFile; fileRef = 2DD0B64F290949B8008B9BB5 /* LaunchScreen.storyboard */; };
		2DD0B65D290954DC008B9BB5 /* PokemonModel.swift in Sources */ = {isa = PBXBuildFile; fileRef = 2DD0B65C290954DC008B9BB5 /* PokemonModel.swift */; };
		2DD0B662290967D2008B9BB5 /* PokemonAPIService.swift in Sources */ = {isa = PBXBuildFile; fileRef = 2DD0B661290967D2008B9BB5 /* PokemonAPIService.swift */; };
		2DD0B66529096C0B008B9BB5 /* PokemonListViewModel.swift in Sources */ = {isa = PBXBuildFile; fileRef = 2DD0B66429096C0A008B9BB5 /* PokemonListViewModel.swift */; };
		2DD0B66B290F19D1008B9BB5 /* PokemonViewController.swift in Sources */ = {isa = PBXBuildFile; fileRef = 2DD0B66A290F19D1008B9BB5 /* PokemonViewController.swift */; };
/* End PBXBuildFile section */

/* Begin PBXFileReference section */
		2D6140F529183C1700D2F68A /* PokemonTableViewCell.swift */ = {isa = PBXFileReference; lastKnownFileType = sourcecode.swift; path = PokemonTableViewCell.swift; sourceTree = "<group>"; };
		2D6140F629183C1700D2F68A /* PokemonTableViewCell.xib */ = {isa = PBXFileReference; lastKnownFileType = file.xib; path = PokemonTableViewCell.xib; sourceTree = "<group>"; };
		2D6141012919A59300D2F68A /* PokemonDetailsViewModel.swift */ = {isa = PBXFileReference; lastKnownFileType = sourcecode.swift; path = PokemonDetailsViewModel.swift; sourceTree = "<group>"; };
		2D614115291ACEB800D2F68A /* UIKit+extensions.swift */ = {isa = PBXFileReference; lastKnownFileType = sourcecode.swift; path = "UIKit+extensions.swift"; sourceTree = "<group>"; };
		2D614117291AE4FC00D2F68A /* AppRouter.swift */ = {isa = PBXFileReference; lastKnownFileType = sourcecode.swift; path = AppRouter.swift; sourceTree = "<group>"; };
		2D614119291C399C00D2F68A /* Constants.swift */ = {isa = PBXFileReference; lastKnownFileType = sourcecode.swift; path = Constants.swift; sourceTree = "<group>"; };
		2D61411B291C415E00D2F68A /* PokemonDetailsViewController.swift */ = {isa = PBXFileReference; lastKnownFileType = sourcecode.swift; path = PokemonDetailsViewController.swift; sourceTree = "<group>"; };
		2D61411C291C415E00D2F68A /* PokemonDetailsViewController.xib */ = {isa = PBXFileReference; lastKnownFileType = file.xib; path = PokemonDetailsViewController.xib; sourceTree = "<group>"; };
		2D614124292162B500D2F68A /* DetailsPageViewController.swift */ = {isa = PBXFileReference; lastKnownFileType = sourcecode.swift; path = DetailsPageViewController.swift; sourceTree = "<group>"; };
		2D61412F29216C7B00D2F68A /* AboutViewController.swift */ = {isa = PBXFileReference; lastKnownFileType = sourcecode.swift; path = AboutViewController.swift; sourceTree = "<group>"; };
		2D61413029216C7B00D2F68A /* AboutViewController.xib */ = {isa = PBXFileReference; lastKnownFileType = file.xib; path = AboutViewController.xib; sourceTree = "<group>"; };
		2D61413329216C8A00D2F68A /* StatsViewController.swift */ = {isa = PBXFileReference; lastKnownFileType = sourcecode.swift; path = StatsViewController.swift; sourceTree = "<group>"; };
		2D61413429216C8A00D2F68A /* StatsViewController.xib */ = {isa = PBXFileReference; lastKnownFileType = file.xib; path = StatsViewController.xib; sourceTree = "<group>"; };
		2D61413729216CA300D2F68A /* EvolutionViewController.swift */ = {isa = PBXFileReference; lastKnownFileType = sourcecode.swift; path = EvolutionViewController.swift; sourceTree = "<group>"; };
		2D61413829216CA300D2F68A /* EvolutionViewController.xib */ = {isa = PBXFileReference; lastKnownFileType = file.xib; path = EvolutionViewController.xib; sourceTree = "<group>"; };
		2D61413B29216E2400D2F68A /* AboutViewModel.swift */ = {isa = PBXFileReference; lastKnownFileType = sourcecode.swift; path = AboutViewModel.swift; sourceTree = "<group>"; };
		2D61413D292176A000D2F68A /* StatsViewModel.swift */ = {isa = PBXFileReference; lastKnownFileType = sourcecode.swift; path = StatsViewModel.swift; sourceTree = "<group>"; };
		2D61413F2921777700D2F68A /* EvolutionViewModel.swift */ = {isa = PBXFileReference; lastKnownFileType = sourcecode.swift; path = EvolutionViewModel.swift; sourceTree = "<group>"; };
		2D61414B2922771200D2F68A /* Orbitron-Regular.ttf */ = {isa = PBXFileReference; lastKnownFileType = file; path = "Orbitron-Regular.ttf"; sourceTree = "<group>"; };
		2D6141542923C51600D2F68A /* Orbitron-Bold.ttf */ = {isa = PBXFileReference; lastKnownFileType = file; path = "Orbitron-Bold.ttf"; sourceTree = "<group>"; };
		2DD0B641290949B6008B9BB5 /* Gotcha.app */ = {isa = PBXFileReference; explicitFileType = wrapper.application; includeInIndex = 0; path = Gotcha.app; sourceTree = BUILT_PRODUCTS_DIR; };
		2DD0B644290949B6008B9BB5 /* AppDelegate.swift */ = {isa = PBXFileReference; lastKnownFileType = sourcecode.swift; path = AppDelegate.swift; sourceTree = "<group>"; };
		2DD0B646290949B6008B9BB5 /* SceneDelegate.swift */ = {isa = PBXFileReference; lastKnownFileType = sourcecode.swift; path = SceneDelegate.swift; sourceTree = "<group>"; };
		2DD0B64D290949B8008B9BB5 /* Assets.xcassets */ = {isa = PBXFileReference; lastKnownFileType = folder.assetcatalog; path = Assets.xcassets; sourceTree = "<group>"; };
		2DD0B650290949B8008B9BB5 /* Base */ = {isa = PBXFileReference; lastKnownFileType = file.storyboard; name = Base; path = Base.lproj/LaunchScreen.storyboard; sourceTree = "<group>"; };
		2DD0B652290949B8008B9BB5 /* Info.plist */ = {isa = PBXFileReference; lastKnownFileType = text.plist.xml; path = Info.plist; sourceTree = "<group>"; };
		2DD0B65C290954DC008B9BB5 /* PokemonModel.swift */ = {isa = PBXFileReference; lastKnownFileType = sourcecode.swift; path = PokemonModel.swift; sourceTree = "<group>"; };
		2DD0B661290967D2008B9BB5 /* PokemonAPIService.swift */ = {isa = PBXFileReference; lastKnownFileType = sourcecode.swift; path = PokemonAPIService.swift; sourceTree = "<group>"; };
		2DD0B66429096C0A008B9BB5 /* PokemonListViewModel.swift */ = {isa = PBXFileReference; lastKnownFileType = sourcecode.swift; path = PokemonListViewModel.swift; sourceTree = "<group>"; };
		2DD0B66A290F19D1008B9BB5 /* PokemonViewController.swift */ = {isa = PBXFileReference; lastKnownFileType = sourcecode.swift; path = PokemonViewController.swift; sourceTree = "<group>"; };
/* End PBXFileReference section */

/* Begin PBXFrameworksBuildPhase section */
		2DD0B63E290949B6008B9BB5 /* Frameworks */ = {
			isa = PBXFrameworksBuildPhase;
			buildActionMask = 2147483647;
			files = (
				2D6141002919918300D2F68A /* SDWebImage in Frameworks */,
			);
			runOnlyForDeploymentPostprocessing = 0;
		};
/* End PBXFrameworksBuildPhase section */

/* Begin PBXGroup section */
		2D6140FD2918408200D2F68A /* PokemonDetails */ = {
			isa = PBXGroup;
			children = (
				2D6141012919A59300D2F68A /* PokemonDetailsViewModel.swift */,
				2D61411B291C415E00D2F68A /* PokemonDetailsViewController.swift */,
				2D61411C291C415E00D2F68A /* PokemonDetailsViewController.xib */,
				2D614126292162BA00D2F68A /* DetailsPage */,
			);
			name = PokemonDetails;
			sourceTree = "<group>";
		};
		2D614114291ACEA900D2F68A /* Utilities */ = {
			isa = PBXGroup;
			children = (
				2D614115291ACEB800D2F68A /* UIKit+extensions.swift */,
				2D614119291C399C00D2F68A /* Constants.swift */,
				2D614117291AE4FC00D2F68A /* AppRouter.swift */,
			);
			path = Utilities;
			sourceTree = "<group>";
		};
		2D614126292162BA00D2F68A /* DetailsPage */ = {
			isa = PBXGroup;
			children = (
				2D614124292162B500D2F68A /* DetailsPageViewController.swift */,
				2D6141412921778B00D2F68A /* About */,
				2D6141422921779200D2F68A /* Stats */,
				2D6141432921779B00D2F68A /* Evolution */,
			);
			name = DetailsPage;
			sourceTree = "<group>";
		};
		2D6141412921778B00D2F68A /* About */ = {
			isa = PBXGroup;
			children = (
				2D61413B29216E2400D2F68A /* AboutViewModel.swift */,
				2D61412F29216C7B00D2F68A /* AboutViewController.swift */,
				2D61413029216C7B00D2F68A /* AboutViewController.xib */,
			);
			name = About;
			sourceTree = "<group>";
		};
		2D6141422921779200D2F68A /* Stats */ = {
			isa = PBXGroup;
			children = (
				2D61413D292176A000D2F68A /* StatsViewModel.swift */,
				2D61413329216C8A00D2F68A /* StatsViewController.swift */,
				2D61413429216C8A00D2F68A /* StatsViewController.xib */,
			);
			name = Stats;
			sourceTree = "<group>";
		};
		2D6141432921779B00D2F68A /* Evolution */ = {
			isa = PBXGroup;
			children = (
				2D61413F2921777700D2F68A /* EvolutionViewModel.swift */,
				2D61413729216CA300D2F68A /* EvolutionViewController.swift */,
				2D61413829216CA300D2F68A /* EvolutionViewController.xib */,
			);
			name = Evolution;
			sourceTree = "<group>";
		};
		2D6141442922764A00D2F68A /* Fonts */ = {
			isa = PBXGroup;
			children = (
				2D6141542923C51600D2F68A /* Orbitron-Bold.ttf */,
				2D61414B2922771200D2F68A /* Orbitron-Regular.ttf */,
			);
			path = Fonts;
			sourceTree = "<group>";
		};
		2DD0B638290949B6008B9BB5 = {
			isa = PBXGroup;
			children = (
				2DD0B643290949B6008B9BB5 /* Pokedex */,
				2DD0B642290949B6008B9BB5 /* Products */,
			);
			sourceTree = "<group>";
		};
		2DD0B642290949B6008B9BB5 /* Products */ = {
			isa = PBXGroup;
			children = (
				2DD0B641290949B6008B9BB5 /* Gotcha.app */,
			);
			name = Products;
			sourceTree = "<group>";
		};
		2DD0B643290949B6008B9BB5 /* Pokedex */ = {
			isa = PBXGroup;
			children = (
				2DD0B644290949B6008B9BB5 /* AppDelegate.swift */,
				2DD0B646290949B6008B9BB5 /* SceneDelegate.swift */,
				2D614114291ACEA900D2F68A /* Utilities */,
				2DD0B660290965B8008B9BB5 /* Networking */,
				2DD0B65E2909658D008B9BB5 /* Model */,
				2DD0B66329096BB5008B9BB5 /* PokemonList */,
				2D6140FD2918408200D2F68A /* PokemonDetails */,
				2D6141442922764A00D2F68A /* Fonts */,
				2DD0B64D290949B8008B9BB5 /* Assets.xcassets */,
				2DD0B64F290949B8008B9BB5 /* LaunchScreen.storyboard */,
				2DD0B652290949B8008B9BB5 /* Info.plist */,
			);
			path = Pokedex;
			sourceTree = "<group>";
		};
		2DD0B65E2909658D008B9BB5 /* Model */ = {
			isa = PBXGroup;
			children = (
				2DD0B65C290954DC008B9BB5 /* PokemonModel.swift */,
			);
			path = Model;
			sourceTree = "<group>";
		};
		2DD0B660290965B8008B9BB5 /* Networking */ = {
			isa = PBXGroup;
			children = (
				2DD0B661290967D2008B9BB5 /* PokemonAPIService.swift */,
			);
			path = Networking;
			sourceTree = "<group>";
		};
		2DD0B66329096BB5008B9BB5 /* PokemonList */ = {
			isa = PBXGroup;
			children = (
				2DD0B66429096C0A008B9BB5 /* PokemonListViewModel.swift */,
				2DD0B66A290F19D1008B9BB5 /* PokemonViewController.swift */,
				2D6140F529183C1700D2F68A /* PokemonTableViewCell.swift */,
				2D6140F629183C1700D2F68A /* PokemonTableViewCell.xib */,
			);
			name = PokemonList;
			sourceTree = "<group>";
		};
/* End PBXGroup section */

/* Begin PBXNativeTarget section */
		2DD0B640290949B6008B9BB5 /* Gotcha */ = {
			isa = PBXNativeTarget;
			buildConfigurationList = 2DD0B655290949B8008B9BB5 /* Build configuration list for PBXNativeTarget "Gotcha" */;
			buildPhases = (
				2DD0B63D290949B6008B9BB5 /* Sources */,
				2DD0B63E290949B6008B9BB5 /* Frameworks */,
				2DD0B63F290949B6008B9BB5 /* Resources */,
			);
			buildRules = (
			);
			dependencies = (
			);
			name = Gotcha;
			packageProductDependencies = (
				2D6140FF2919918300D2F68A /* SDWebImage */,
			);
			productName = Pokedex;
			productReference = 2DD0B641290949B6008B9BB5 /* Gotcha.app */;
			productType = "com.apple.product-type.application";
		};
/* End PBXNativeTarget section */

/* Begin PBXProject section */
		2DD0B639290949B6008B9BB5 /* Project object */ = {
			isa = PBXProject;
			attributes = {
				BuildIndependentTargetsInParallel = 1;
				LastSwiftUpdateCheck = 1340;
				LastUpgradeCheck = 1340;
				TargetAttributes = {
					2DD0B640290949B6008B9BB5 = {
						CreatedOnToolsVersion = 13.4.1;
					};
				};
			};
			buildConfigurationList = 2DD0B63C290949B6008B9BB5 /* Build configuration list for PBXProject "Gotcha" */;
			compatibilityVersion = "Xcode 13.0";
			developmentRegion = en;
			hasScannedForEncodings = 0;
			knownRegions = (
				en,
				Base,
			);
			mainGroup = 2DD0B638290949B6008B9BB5;
			packageReferences = (
				2D6140FE2919918300D2F68A /* XCRemoteSwiftPackageReference "SDWebImage" */,
			);
			productRefGroup = 2DD0B642290949B6008B9BB5 /* Products */;
			projectDirPath = "";
			projectRoot = "";
			targets = (
				2DD0B640290949B6008B9BB5 /* Gotcha */,
			);
		};
/* End PBXProject section */

/* Begin PBXResourcesBuildPhase section */
		2DD0B63F290949B6008B9BB5 /* Resources */ = {
			isa = PBXResourcesBuildPhase;
			buildActionMask = 2147483647;
			files = (
				2D61413A29216CA300D2F68A /* EvolutionViewController.xib in Resources */,
				2DD0B651290949B8008B9BB5 /* LaunchScreen.storyboard in Resources */,
				2D6140F829183C1700D2F68A /* PokemonTableViewCell.xib in Resources */,
				2D61411E291C415E00D2F68A /* PokemonDetailsViewController.xib in Resources */,
				2D6141512922771200D2F68A /* Orbitron-Regular.ttf in Resources */,
				2D6141552923C51600D2F68A /* Orbitron-Bold.ttf in Resources */,
				2DD0B64E290949B8008B9BB5 /* Assets.xcassets in Resources */,
				2D61413629216C8A00D2F68A /* StatsViewController.xib in Resources */,
				2D61413229216C7B00D2F68A /* AboutViewController.xib in Resources */,
			);
			runOnlyForDeploymentPostprocessing = 0;
		};
/* End PBXResourcesBuildPhase section */

/* Begin PBXSourcesBuildPhase section */
		2DD0B63D290949B6008B9BB5 /* Sources */ = {
			isa = PBXSourcesBuildPhase;
			buildActionMask = 2147483647;
			files = (
				2DD0B66529096C0B008B9BB5 /* PokemonListViewModel.swift in Sources */,
				2D6140F729183C1700D2F68A /* PokemonTableViewCell.swift in Sources */,
				2D61413C29216E2400D2F68A /* AboutViewModel.swift in Sources */,
				2DD0B645290949B6008B9BB5 /* AppDelegate.swift in Sources */,
				2D61413E292176A000D2F68A /* StatsViewModel.swift in Sources */,
				2DD0B66B290F19D1008B9BB5 /* PokemonViewController.swift in Sources */,
				2D61411A291C399C00D2F68A /* Constants.swift in Sources */,
				2DD0B647290949B6008B9BB5 /* SceneDelegate.swift in Sources */,
				2D614118291AE4FC00D2F68A /* AppRouter.swift in Sources */,
				2D614125292162B500D2F68A /* DetailsPageViewController.swift in Sources */,
				2DD0B65D290954DC008B9BB5 /* PokemonModel.swift in Sources */,
				2D614116291ACEB800D2F68A /* UIKit+extensions.swift in Sources */,
				2D61413129216C7B00D2F68A /* AboutViewController.swift in Sources */,
				2D6141402921777700D2F68A /* EvolutionViewModel.swift in Sources */,
				2DD0B662290967D2008B9BB5 /* PokemonAPIService.swift in Sources */,
				2D61413929216CA300D2F68A /* EvolutionViewController.swift in Sources */,
				2D6141022919A59300D2F68A /* PokemonDetailsViewModel.swift in Sources */,
				2D61413529216C8A00D2F68A /* StatsViewController.swift in Sources */,
				2D61411D291C415E00D2F68A /* PokemonDetailsViewController.swift in Sources */,
			);
			runOnlyForDeploymentPostprocessing = 0;
		};
/* End PBXSourcesBuildPhase section */

/* Begin PBXVariantGroup section */
		2DD0B64F290949B8008B9BB5 /* LaunchScreen.storyboard */ = {
			isa = PBXVariantGroup;
			children = (
				2DD0B650290949B8008B9BB5 /* Base */,
			);
			name = LaunchScreen.storyboard;
			sourceTree = "<group>";
		};
/* End PBXVariantGroup section */

/* Begin XCBuildConfiguration section */
		2DD0B653290949B8008B9BB5 /* Debug */ = {
			isa = XCBuildConfiguration;
			buildSettings = {
				ALWAYS_SEARCH_USER_PATHS = NO;
				CLANG_ANALYZER_NONNULL = YES;
				CLANG_ANALYZER_NUMBER_OBJECT_CONVERSION = YES_AGGRESSIVE;
				CLANG_CXX_LANGUAGE_STANDARD = "gnu++17";
				CLANG_ENABLE_MODULES = YES;
				CLANG_ENABLE_OBJC_ARC = YES;
				CLANG_ENABLE_OBJC_WEAK = YES;
				CLANG_WARN_BLOCK_CAPTURE_AUTORELEASING = YES;
				CLANG_WARN_BOOL_CONVERSION = YES;
				CLANG_WARN_COMMA = YES;
				CLANG_WARN_CONSTANT_CONVERSION = YES;
				CLANG_WARN_DEPRECATED_OBJC_IMPLEMENTATIONS = YES;
				CLANG_WARN_DIRECT_OBJC_ISA_USAGE = YES_ERROR;
				CLANG_WARN_DOCUMENTATION_COMMENTS = YES;
				CLANG_WARN_EMPTY_BODY = YES;
				CLANG_WARN_ENUM_CONVERSION = YES;
				CLANG_WARN_INFINITE_RECURSION = YES;
				CLANG_WARN_INT_CONVERSION = YES;
				CLANG_WARN_NON_LITERAL_NULL_CONVERSION = YES;
				CLANG_WARN_OBJC_IMPLICIT_RETAIN_SELF = YES;
				CLANG_WARN_OBJC_LITERAL_CONVERSION = YES;
				CLANG_WARN_OBJC_ROOT_CLASS = YES_ERROR;
				CLANG_WARN_QUOTED_INCLUDE_IN_FRAMEWORK_HEADER = YES;
				CLANG_WARN_RANGE_LOOP_ANALYSIS = YES;
				CLANG_WARN_STRICT_PROTOTYPES = YES;
				CLANG_WARN_SUSPICIOUS_MOVE = YES;
				CLANG_WARN_UNGUARDED_AVAILABILITY = YES_AGGRESSIVE;
				CLANG_WARN_UNREACHABLE_CODE = YES;
				CLANG_WARN__DUPLICATE_METHOD_MATCH = YES;
				COPY_PHASE_STRIP = NO;
				DEBUG_INFORMATION_FORMAT = dwarf;
				ENABLE_STRICT_OBJC_MSGSEND = YES;
				ENABLE_TESTABILITY = YES;
				GCC_C_LANGUAGE_STANDARD = gnu11;
				GCC_DYNAMIC_NO_PIC = NO;
				GCC_NO_COMMON_BLOCKS = YES;
				GCC_OPTIMIZATION_LEVEL = 0;
				GCC_PREPROCESSOR_DEFINITIONS = (
					"DEBUG=1",
					"$(inherited)",
				);
				GCC_WARN_64_TO_32_BIT_CONVERSION = YES;
				GCC_WARN_ABOUT_RETURN_TYPE = YES_ERROR;
				GCC_WARN_UNDECLARED_SELECTOR = YES;
				GCC_WARN_UNINITIALIZED_AUTOS = YES_AGGRESSIVE;
				GCC_WARN_UNUSED_FUNCTION = YES;
				GCC_WARN_UNUSED_VARIABLE = YES;
				IPHONEOS_DEPLOYMENT_TARGET = 15.5;
				MTL_ENABLE_DEBUG_INFO = INCLUDE_SOURCE;
				MTL_FAST_MATH = YES;
				ONLY_ACTIVE_ARCH = YES;
				SDKROOT = iphoneos;
				SWIFT_ACTIVE_COMPILATION_CONDITIONS = DEBUG;
				SWIFT_OPTIMIZATION_LEVEL = "-Onone";
			};
			name = Debug;
		};
		2DD0B654290949B8008B9BB5 /* Release */ = {
			isa = XCBuildConfiguration;
			buildSettings = {
				ALWAYS_SEARCH_USER_PATHS = NO;
				CLANG_ANALYZER_NONNULL = YES;
				CLANG_ANALYZER_NUMBER_OBJECT_CONVERSION = YES_AGGRESSIVE;
				CLANG_CXX_LANGUAGE_STANDARD = "gnu++17";
				CLANG_ENABLE_MODULES = YES;
				CLANG_ENABLE_OBJC_ARC = YES;
				CLANG_ENABLE_OBJC_WEAK = YES;
				CLANG_WARN_BLOCK_CAPTURE_AUTORELEASING = YES;
				CLANG_WARN_BOOL_CONVERSION = YES;
				CLANG_WARN_COMMA = YES;
				CLANG_WARN_CONSTANT_CONVERSION = YES;
				CLANG_WARN_DEPRECATED_OBJC_IMPLEMENTATIONS = YES;
				CLANG_WARN_DIRECT_OBJC_ISA_USAGE = YES_ERROR;
				CLANG_WARN_DOCUMENTATION_COMMENTS = YES;
				CLANG_WARN_EMPTY_BODY = YES;
				CLANG_WARN_ENUM_CONVERSION = YES;
				CLANG_WARN_INFINITE_RECURSION = YES;
				CLANG_WARN_INT_CONVERSION = YES;
				CLANG_WARN_NON_LITERAL_NULL_CONVERSION = YES;
				CLANG_WARN_OBJC_IMPLICIT_RETAIN_SELF = YES;
				CLANG_WARN_OBJC_LITERAL_CONVERSION = YES;
				CLANG_WARN_OBJC_ROOT_CLASS = YES_ERROR;
				CLANG_WARN_QUOTED_INCLUDE_IN_FRAMEWORK_HEADER = YES;
				CLANG_WARN_RANGE_LOOP_ANALYSIS = YES;
				CLANG_WARN_STRICT_PROTOTYPES = YES;
				CLANG_WARN_SUSPICIOUS_MOVE = YES;
				CLANG_WARN_UNGUARDED_AVAILABILITY = YES_AGGRESSIVE;
				CLANG_WARN_UNREACHABLE_CODE = YES;
				CLANG_WARN__DUPLICATE_METHOD_MATCH = YES;
				COPY_PHASE_STRIP = NO;
				DEBUG_INFORMATION_FORMAT = "dwarf-with-dsym";
				ENABLE_NS_ASSERTIONS = NO;
				ENABLE_STRICT_OBJC_MSGSEND = YES;
				GCC_C_LANGUAGE_STANDARD = gnu11;
				GCC_NO_COMMON_BLOCKS = YES;
				GCC_WARN_64_TO_32_BIT_CONVERSION = YES;
				GCC_WARN_ABOUT_RETURN_TYPE = YES_ERROR;
				GCC_WARN_UNDECLARED_SELECTOR = YES;
				GCC_WARN_UNINITIALIZED_AUTOS = YES_AGGRESSIVE;
				GCC_WARN_UNUSED_FUNCTION = YES;
				GCC_WARN_UNUSED_VARIABLE = YES;
				IPHONEOS_DEPLOYMENT_TARGET = 15.5;
				MTL_ENABLE_DEBUG_INFO = NO;
				MTL_FAST_MATH = YES;
				SDKROOT = iphoneos;
				SWIFT_COMPILATION_MODE = wholemodule;
				SWIFT_OPTIMIZATION_LEVEL = "-O";
				VALIDATE_PRODUCT = YES;
			};
			name = Release;
		};
		2DD0B656290949B8008B9BB5 /* Debug */ = {
			isa = XCBuildConfiguration;
			buildSettings = {
				ASSETCATALOG_COMPILER_APPICON_NAME = AppIcon;
				ASSETCATALOG_COMPILER_GLOBAL_ACCENT_COLOR_NAME = AccentColor;
				CODE_SIGN_STYLE = Automatic;
				CURRENT_PROJECT_VERSION = 1;
				GENERATE_INFOPLIST_FILE = YES;
				INFOPLIST_FILE = Pokedex/Info.plist;
				INFOPLIST_KEY_UIApplicationSupportsIndirectInputEvents = YES;
				INFOPLIST_KEY_UILaunchStoryboardName = LaunchScreen;
				INFOPLIST_KEY_UISupportedInterfaceOrientations_iPad = "UIInterfaceOrientationPortrait UIInterfaceOrientationPortraitUpsideDown UIInterfaceOrientationLandscapeLeft UIInterfaceOrientationLandscapeRight";
				INFOPLIST_KEY_UISupportedInterfaceOrientations_iPhone = "UIInterfaceOrientationPortrait UIInterfaceOrientationLandscapeLeft UIInterfaceOrientationLandscapeRight";
				LD_RUNPATH_SEARCH_PATHS = (
					"$(inherited)",
					"@executable_path/Frameworks",
				);
				MARKETING_VERSION = 1.0;
				PRODUCT_BUNDLE_IDENTIFIER = xyz.Gotcha;
				PRODUCT_NAME = "$(TARGET_NAME)";
				SWIFT_EMIT_LOC_STRINGS = YES;
				SWIFT_VERSION = 5.0;
				TARGETED_DEVICE_FAMILY = "1,2";
			};
			name = Debug;
		};
		2DD0B657290949B8008B9BB5 /* Release */ = {
			isa = XCBuildConfiguration;
			buildSettings = {
				ASSETCATALOG_COMPILER_APPICON_NAME = AppIcon;
				ASSETCATALOG_COMPILER_GLOBAL_ACCENT_COLOR_NAME = AccentColor;
				CODE_SIGN_STYLE = Automatic;
				CURRENT_PROJECT_VERSION = 1;
				GENERATE_INFOPLIST_FILE = YES;
				INFOPLIST_FILE = Pokedex/Info.plist;
				INFOPLIST_KEY_UIApplicationSupportsIndirectInputEvents = YES;
				INFOPLIST_KEY_UILaunchStoryboardName = LaunchScreen;
				INFOPLIST_KEY_UISupportedInterfaceOrientations_iPad = "UIInterfaceOrientationPortrait UIInterfaceOrientationPortraitUpsideDown UIInterfaceOrientationLandscapeLeft UIInterfaceOrientationLandscapeRight";
				INFOPLIST_KEY_UISupportedInterfaceOrientations_iPhone = "UIInterfaceOrientationPortrait UIInterfaceOrientationLandscapeLeft UIInterfaceOrientationLandscapeRight";
				LD_RUNPATH_SEARCH_PATHS = (
					"$(inherited)",
					"@executable_path/Frameworks",
				);
				MARKETING_VERSION = 1.0;
				PRODUCT_BUNDLE_IDENTIFIER = xyz.Gotcha;
				PRODUCT_NAME = "$(TARGET_NAME)";
				SWIFT_EMIT_LOC_STRINGS = YES;
				SWIFT_VERSION = 5.0;
				TARGETED_DEVICE_FAMILY = "1,2";
			};
			name = Release;
		};
/* End XCBuildConfiguration section */

/* Begin XCConfigurationList section */
		2DD0B63C290949B6008B9BB5 /* Build configuration list for PBXProject "Gotcha" */ = {
			isa = XCConfigurationList;
			buildConfigurations = (
				2DD0B653290949B8008B9BB5 /* Debug */,
				2DD0B654290949B8008B9BB5 /* Release */,
			);
			defaultConfigurationIsVisible = 0;
			defaultConfigurationName = Release;
		};
		2DD0B655290949B8008B9BB5 /* Build configuration list for PBXNativeTarget "Gotcha" */ = {
			isa = XCConfigurationList;
			buildConfigurations = (
				2DD0B656290949B8008B9BB5 /* Debug */,
				2DD0B657290949B8008B9BB5 /* Release */,
			);
			defaultConfigurationIsVisible = 0;
			defaultConfigurationName = Release;
		};
/* End XCConfigurationList section */

/* Begin XCRemoteSwiftPackageReference section */
		2D6140FE2919918300D2F68A /* XCRemoteSwiftPackageReference "SDWebImage" */ = {
			isa = XCRemoteSwiftPackageReference;
			repositoryURL = "https://github.com/SDWebImage/SDWebImage.git";
			requirement = {
				kind = upToNextMajorVersion;
				minimumVersion = 5.0.0;
			};
		};
/* End XCRemoteSwiftPackageReference section */

/* Begin XCSwiftPackageProductDependency section */
		2D6140FF2919918300D2F68A /* SDWebImage */ = {
			isa = XCSwiftPackageProductDependency;
			package = 2D6140FE2919918300D2F68A /* XCRemoteSwiftPackageReference "SDWebImage" */;
			productName = SDWebImage;
		};
/* End XCSwiftPackageProductDependency section */
	};
	rootObject = 2DD0B639290949B6008B9BB5 /* Project object */;
}
