// !$*UTF8*$!
{
	archiveVersion = 1;
	classes = {
	};
	objectVersion = 55;
	objects = {

/* Begin PBXBuildFile section */
		2D268FF02970A8C900B936C9 /* SDWebImage in Frameworks */ = {isa = PBXBuildFile; productRef = 2D268FEF2970A8C900B936C9 /* SDWebImage */; };
		2D268FF22970B88500B936C9 /* PokemonListViewModelTests.swift in Sources */ = {isa = PBXBuildFile; fileRef = 2D268FF12970B88500B936C9 /* PokemonListViewModelTests.swift */; };
		2D268FF52970B8B200B936C9 /* Mocks.swift in Sources */ = {isa = PBXBuildFile; fileRef = 2D268FF42970B8B200B936C9 /* Mocks.swift */; };
		2D269098299011F500B936C9 /* PokemonDetailsViewModelTests.swift in Sources */ = {isa = PBXBuildFile; fileRef = 2D269097299011F500B936C9 /* PokemonDetailsViewModelTests.swift */; };
		2D26909B2990173900B936C9 /* PokemonExample.json in Resources */ = {isa = PBXBuildFile; fileRef = 2D26909A2990173900B936C9 /* PokemonExample.json */; };
		2D26909D299017AB00B936C9 /* StaticJSONReader.swift in Sources */ = {isa = PBXBuildFile; fileRef = 2D26909C299017AB00B936C9 /* StaticJSONReader.swift */; };
		2D26909F2990515300B936C9 /* SearchViewModelTests.swift in Sources */ = {isa = PBXBuildFile; fileRef = 2D26909E2990515300B936C9 /* SearchViewModelTests.swift */; };
		2D2690A12990642400B936C9 /* AboutViewModelTests.swift in Sources */ = {isa = PBXBuildFile; fileRef = 2D2690A02990642400B936C9 /* AboutViewModelTests.swift */; };
		2D2690A329907D8C00B936C9 /* AbilityExample.json in Resources */ = {isa = PBXBuildFile; fileRef = 2D2690A229907D8C00B936C9 /* AbilityExample.json */; };
		2D37A60729EC6836008B83E3 /* CustomSpinner.swift in Sources */ = {isa = PBXBuildFile; fileRef = 2D37A60629EC6833008B83E3 /* CustomSpinner.swift */; };
		2D37A61129EED8F5008B83E3 /* loading4.gif in Resources */ = {isa = PBXBuildFile; fileRef = 2D37A61029EED8F5008B83E3 /* loading4.gif */; };
		2D3AA4A0295B72C9000EC287 /* Favourites.swift in Sources */ = {isa = PBXBuildFile; fileRef = 2D3AA49F295B72C9000EC287 /* Favourites.swift */; };
		2D4E2055294131D800273DD7 /* FavouritesViewController.swift in Sources */ = {isa = PBXBuildFile; fileRef = 2D4E2054294131D800273DD7 /* FavouritesViewController.swift */; };
		2D4E205C2942094200273DD7 /* SearchViewController.swift in Sources */ = {isa = PBXBuildFile; fileRef = 2D4E205A2942094200273DD7 /* SearchViewController.swift */; };
		2D4E205D2942094200273DD7 /* SearchViewController.xib in Resources */ = {isa = PBXBuildFile; fileRef = 2D4E205B2942094200273DD7 /* SearchViewController.xib */; };
		2D4E20622943A36E00273DD7 /* SearchViewModel.swift in Sources */ = {isa = PBXBuildFile; fileRef = 2D4E20612943A36E00273DD7 /* SearchViewModel.swift */; };
		2D4E20642945F7AA00273DD7 /* UIViewController+AlertPresentable.swift in Sources */ = {isa = PBXBuildFile; fileRef = 2D4E20632945F7AA00273DD7 /* UIViewController+AlertPresentable.swift */; };
		2D6140F729183C1700D2F68A /* PokemonTableViewCell.swift in Sources */ = {isa = PBXBuildFile; fileRef = 2D6140F529183C1700D2F68A /* PokemonTableViewCell.swift */; };
		2D6140F829183C1700D2F68A /* PokemonTableViewCell.xib in Resources */ = {isa = PBXBuildFile; fileRef = 2D6140F629183C1700D2F68A /* PokemonTableViewCell.xib */; };
		2D6141002919918300D2F68A /* SDWebImage in Frameworks */ = {isa = PBXBuildFile; productRef = 2D6140FF2919918300D2F68A /* SDWebImage */; };
		2D6141022919A59300D2F68A /* PokemonDetailsViewModel.swift in Sources */ = {isa = PBXBuildFile; fileRef = 2D6141012919A59300D2F68A /* PokemonDetailsViewModel.swift */; };
		2D614116291ACEB800D2F68A /* UIKit+extensions.swift in Sources */ = {isa = PBXBuildFile; fileRef = 2D614115291ACEB800D2F68A /* UIKit+extensions.swift */; };
		2D614118291AE4FC00D2F68A /* AppRouter.swift in Sources */ = {isa = PBXBuildFile; fileRef = 2D614117291AE4FC00D2F68A /* AppRouter.swift */; };
		2D61411A291C399C00D2F68A /* Constants.swift in Sources */ = {isa = PBXBuildFile; fileRef = 2D614119291C399C00D2F68A /* Constants.swift */; };
		2D61411D291C415E00D2F68A /* PokemonDetailsViewController.swift in Sources */ = {isa = PBXBuildFile; fileRef = 2D61411B291C415E00D2F68A /* PokemonDetailsViewController.swift */; };
		2D61411E291C415E00D2F68A /* PokemonDetailsViewController.xib in Resources */ = {isa = PBXBuildFile; fileRef = 2D61411C291C415E00D2F68A /* PokemonDetailsViewController.xib */; };
		2D614125292162B500D2F68A /* DetailsPageViewController.swift in Sources */ = {isa = PBXBuildFile; fileRef = 2D614124292162B500D2F68A /* DetailsPageViewController.swift */; };
		2D61413129216C7B00D2F68A /* AboutViewController.swift in Sources */ = {isa = PBXBuildFile; fileRef = 2D61412F29216C7B00D2F68A /* AboutViewController.swift */; };
		2D61413229216C7B00D2F68A /* AboutViewController.xib in Resources */ = {isa = PBXBuildFile; fileRef = 2D61413029216C7B00D2F68A /* AboutViewController.xib */; };
		2D61413529216C8A00D2F68A /* StatsViewController.swift in Sources */ = {isa = PBXBuildFile; fileRef = 2D61413329216C8A00D2F68A /* StatsViewController.swift */; };
		2D61413629216C8A00D2F68A /* StatsViewController.xib in Resources */ = {isa = PBXBuildFile; fileRef = 2D61413429216C8A00D2F68A /* StatsViewController.xib */; };
		2D61413929216CA300D2F68A /* EvolutionViewController.swift in Sources */ = {isa = PBXBuildFile; fileRef = 2D61413729216CA300D2F68A /* EvolutionViewController.swift */; };
		2D61413A29216CA300D2F68A /* EvolutionViewController.xib in Resources */ = {isa = PBXBuildFile; fileRef = 2D61413829216CA300D2F68A /* EvolutionViewController.xib */; };
		2D61413C29216E2400D2F68A /* AboutViewModel.swift in Sources */ = {isa = PBXBuildFile; fileRef = 2D61413B29216E2400D2F68A /* AboutViewModel.swift */; };
		2D61413E292176A000D2F68A /* StatsViewModel.swift in Sources */ = {isa = PBXBuildFile; fileRef = 2D61413D292176A000D2F68A /* StatsViewModel.swift */; };
		2D6141402921777700D2F68A /* EvolutionViewModel.swift in Sources */ = {isa = PBXBuildFile; fileRef = 2D61413F2921777700D2F68A /* EvolutionViewModel.swift */; };
		2D6141512922771200D2F68A /* Orbitron-Regular.ttf in Resources */ = {isa = PBXBuildFile; fileRef = 2D61414B2922771200D2F68A /* Orbitron-Regular.ttf */; };
		2D6141552923C51600D2F68A /* Orbitron-Bold.ttf in Resources */ = {isa = PBXBuildFile; fileRef = 2D6141542923C51600D2F68A /* Orbitron-Bold.ttf */; };
		2D6946782961DECD0059E5F0 /* LaunchScreenViewController.swift in Sources */ = {isa = PBXBuildFile; fileRef = 2D6946762961DECD0059E5F0 /* LaunchScreenViewController.swift */; };
		2D6946792961DECD0059E5F0 /* LaunchScreenViewController.xib in Resources */ = {isa = PBXBuildFile; fileRef = 2D6946772961DECD0059E5F0 /* LaunchScreenViewController.xib */; };
		2D69467D2961EF2C0059E5F0 /* LaunchVideo.mp4 in Resources */ = {isa = PBXBuildFile; fileRef = 2D69467C2961EF2C0059E5F0 /* LaunchVideo.mp4 */; };
		2D71F82429CF914E00227CA9 /* PokemonView.swift in Sources */ = {isa = PBXBuildFile; fileRef = 2D71F82329CF914E00227CA9 /* PokemonView.swift */; };
		2D71F82829CF99B600227CA9 /* URLImage in Frameworks */ = {isa = PBXBuildFile; productRef = 2D71F82729CF99B600227CA9 /* URLImage */; };
		2D71F82D29D21FC700227CA9 /* PokeImage.swift in Sources */ = {isa = PBXBuildFile; fileRef = 2D71F82C29D21FC700227CA9 /* PokeImage.swift */; };
		2D71F82E29D223B000227CA9 /* Orbitron-Bold.ttf in Resources */ = {isa = PBXBuildFile; fileRef = 2D6141542923C51600D2F68A /* Orbitron-Bold.ttf */; };
		2D71F82F29D223B300227CA9 /* Orbitron-Regular.ttf in Resources */ = {isa = PBXBuildFile; fileRef = 2D61414B2922771200D2F68A /* Orbitron-Regular.ttf */; };
		2D71F83129D22E7F00227CA9 /* StrokeText.swift in Sources */ = {isa = PBXBuildFile; fileRef = 2D71F83029D22E7F00227CA9 /* StrokeText.swift */; };
		2D71F83E29D4B06E00227CA9 /* PokeImageModel.swift in Sources */ = {isa = PBXBuildFile; fileRef = 2D71F83D29D4B06E00227CA9 /* PokeImageModel.swift */; };
		2D71F84229D4B13C00227CA9 /* PokemonImageService.swift in Sources */ = {isa = PBXBuildFile; fileRef = 2D71F84129D4B13C00227CA9 /* PokemonImageService.swift */; };
		2D72885B29E0AA5700D5A5E3 /* TypeModel.swift in Sources */ = {isa = PBXBuildFile; fileRef = 2D72885A29E0AA5700D5A5E3 /* TypeModel.swift */; };
		2D72885D29E0AEAC00D5A5E3 /* TypeDetailsViewModel.swift in Sources */ = {isa = PBXBuildFile; fileRef = 2D72885C29E0AEAC00D5A5E3 /* TypeDetailsViewModel.swift */; };
		2D72886029E0B41C00D5A5E3 /* TypeDetailsViewController.swift in Sources */ = {isa = PBXBuildFile; fileRef = 2D72885E29E0B41C00D5A5E3 /* TypeDetailsViewController.swift */; };
		2D72886129E0B41C00D5A5E3 /* TypeDetailsViewController.xib in Resources */ = {isa = PBXBuildFile; fileRef = 2D72885F29E0B41C00D5A5E3 /* TypeDetailsViewController.xib */; };
		2D92AAA929CF2E4C000D570F /* SwiftUI.framework in Frameworks */ = {isa = PBXBuildFile; fileRef = 2D92AAA829CF2E4C000D570F /* SwiftUI.framework */; };
		2D92AAAC29CF2E4C000D570F /* GotchaWidgetBundle.swift in Sources */ = {isa = PBXBuildFile; fileRef = 2D92AAAB29CF2E4C000D570F /* GotchaWidgetBundle.swift */; };
		2D92AAAE29CF2E4C000D570F /* GotchaWidget.swift in Sources */ = {isa = PBXBuildFile; fileRef = 2D92AAAD29CF2E4C000D570F /* GotchaWidget.swift */; };
		2D92AAB029CF2E4D000D570F /* Assets.xcassets in Resources */ = {isa = PBXBuildFile; fileRef = 2D92AAAF29CF2E4D000D570F /* Assets.xcassets */; };
		2D92AAB429CF2E4D000D570F /* GotchaWidgetExtension.appex in Embed Foundation Extensions */ = {isa = PBXBuildFile; fileRef = 2D92AAA529CF2E4C000D570F /* GotchaWidgetExtension.appex */; settings = {ATTRIBUTES = (RemoveHeadersOnCopy, ); }; };
		2D92AACA29CF7CDF000D570F /* BackgroundView.swift in Sources */ = {isa = PBXBuildFile; fileRef = 2D92AAC929CF7CDF000D570F /* BackgroundView.swift */; };
		2D92AACC29CF7DDB000D570F /* ImageUrl.swift in Sources */ = {isa = PBXBuildFile; fileRef = 2D92AAB929CF6BCE000D570F /* ImageUrl.swift */; };
		2D92AACE29CF850E000D570F /* SDWebImage in Frameworks */ = {isa = PBXBuildFile; productRef = 2D92AACD29CF850E000D570F /* SDWebImage */; };
		2DC206BD29E70C7A00374365 /* DeeplinkHandler.swift in Sources */ = {isa = PBXBuildFile; fileRef = 2DC206BC29E70C7A00374365 /* DeeplinkHandler.swift */; };
		2DCA929C29E8934100B0FF46 /* WidgetConstants.swift in Sources */ = {isa = PBXBuildFile; fileRef = 2DCA929A29E8924400B0FF46 /* WidgetConstants.swift */; };
		2DD0B645290949B6008B9BB5 /* AppDelegate.swift in Sources */ = {isa = PBXBuildFile; fileRef = 2DD0B644290949B6008B9BB5 /* AppDelegate.swift */; };
		2DD0B647290949B6008B9BB5 /* SceneDelegate.swift in Sources */ = {isa = PBXBuildFile; fileRef = 2DD0B646290949B6008B9BB5 /* SceneDelegate.swift */; };
		2DD0B64E290949B8008B9BB5 /* Assets.xcassets in Resources */ = {isa = PBXBuildFile; fileRef = 2DD0B64D290949B8008B9BB5 /* Assets.xcassets */; };
		2DD0B65D290954DC008B9BB5 /* PokemonModel.swift in Sources */ = {isa = PBXBuildFile; fileRef = 2DD0B65C290954DC008B9BB5 /* PokemonModel.swift */; };
		2DD0B662290967D2008B9BB5 /* PokemonAPIService.swift in Sources */ = {isa = PBXBuildFile; fileRef = 2DD0B661290967D2008B9BB5 /* PokemonAPIService.swift */; };
		2DD0B66529096C0B008B9BB5 /* PokemonListViewModel.swift in Sources */ = {isa = PBXBuildFile; fileRef = 2DD0B66429096C0A008B9BB5 /* PokemonListViewModel.swift */; };
		2DD0B66B290F19D1008B9BB5 /* PokemonViewController.swift in Sources */ = {isa = PBXBuildFile; fileRef = 2DD0B66A290F19D1008B9BB5 /* PokemonViewController.swift */; };
		2DD21A9629D61393008B6EE6 /* InfoViewController.swift in Sources */ = {isa = PBXBuildFile; fileRef = 2DD21A9429D61393008B6EE6 /* InfoViewController.swift */; };
		2DD21A9929D613A1008B6EE6 /* InfoViewModel.swift in Sources */ = {isa = PBXBuildFile; fileRef = 2DD21A9829D613A1008B6EE6 /* InfoViewModel.swift */; };
		2DD21A9C29D753A4008B6EE6 /* InfoCollectionViewCell.swift in Sources */ = {isa = PBXBuildFile; fileRef = 2DD21A9A29D753A4008B6EE6 /* InfoCollectionViewCell.swift */; };
		2DD21A9D29D753A4008B6EE6 /* InfoCollectionViewCell.xib in Resources */ = {isa = PBXBuildFile; fileRef = 2DD21A9B29D753A4008B6EE6 /* InfoCollectionViewCell.xib */; };
		2DD7F7EA2A0437060047747C /* TypeTableViewCell.swift in Sources */ = {isa = PBXBuildFile; fileRef = 2DD7F7E82A0437060047747C /* TypeTableViewCell.swift */; };
		2DD7F7EB2A0437060047747C /* TypeTableViewCell.xib in Resources */ = {isa = PBXBuildFile; fileRef = 2DD7F7E92A0437060047747C /* TypeTableViewCell.xib */; };
		2DD7F7F22A0503AB0047747C /* ResizableTableView.swift in Sources */ = {isa = PBXBuildFile; fileRef = 2DD7F7F12A0503AB0047747C /* ResizableTableView.swift */; };
		2DD7F7F42A0570E30047747C /* PokeballModel.swift in Sources */ = {isa = PBXBuildFile; fileRef = 2DD7F7F32A0570E30047747C /* PokeballModel.swift */; };
		2DDB8FE32970A35600EB2FA3 /* README.md in Resources */ = {isa = PBXBuildFile; fileRef = 2DDB8FE22970A35600EB2FA3 /* README.md */; };
/* End PBXBuildFile section */

/* Begin PBXContainerItemProxy section */
		2D92AAB229CF2E4D000D570F /* PBXContainerItemProxy */ = {
			isa = PBXContainerItemProxy;
			containerPortal = 2DD0B639290949B6008B9BB5 /* Project object */;
			proxyType = 1;
			remoteGlobalIDString = 2D92AAA429CF2E4C000D570F;
			remoteInfo = GotchaWidgetExtension;
		};
		2DDB8FEC2970A44700EB2FA3 /* PBXContainerItemProxy */ = {
			isa = PBXContainerItemProxy;
			containerPortal = 2DD0B639290949B6008B9BB5 /* Project object */;
			proxyType = 1;
			remoteGlobalIDString = 2DD0B640290949B6008B9BB5;
			remoteInfo = Gotcha;
		};
/* End PBXContainerItemProxy section */

/* Begin PBXCopyFilesBuildPhase section */
		2D92AAB829CF2E4D000D570F /* Embed Foundation Extensions */ = {
			isa = PBXCopyFilesBuildPhase;
			buildActionMask = 2147483647;
			dstPath = "";
			dstSubfolderSpec = 13;
			files = (
				2D92AAB429CF2E4D000D570F /* GotchaWidgetExtension.appex in Embed Foundation Extensions */,
			);
			name = "Embed Foundation Extensions";
			runOnlyForDeploymentPostprocessing = 0;
		};
/* End PBXCopyFilesBuildPhase section */

/* Begin PBXFileReference section */
		2D268FF12970B88500B936C9 /* PokemonListViewModelTests.swift */ = {isa = PBXFileReference; lastKnownFileType = sourcecode.swift; path = PokemonListViewModelTests.swift; sourceTree = "<group>"; };
		2D268FF42970B8B200B936C9 /* Mocks.swift */ = {isa = PBXFileReference; lastKnownFileType = sourcecode.swift; path = Mocks.swift; sourceTree = "<group>"; };
		2D269097299011F500B936C9 /* PokemonDetailsViewModelTests.swift */ = {isa = PBXFileReference; lastKnownFileType = sourcecode.swift; path = PokemonDetailsViewModelTests.swift; sourceTree = "<group>"; };
		2D26909A2990173900B936C9 /* PokemonExample.json */ = {isa = PBXFileReference; lastKnownFileType = text.json; path = PokemonExample.json; sourceTree = "<group>"; };
		2D26909C299017AB00B936C9 /* StaticJSONReader.swift */ = {isa = PBXFileReference; lastKnownFileType = sourcecode.swift; path = StaticJSONReader.swift; sourceTree = "<group>"; };
		2D26909E2990515300B936C9 /* SearchViewModelTests.swift */ = {isa = PBXFileReference; lastKnownFileType = sourcecode.swift; path = SearchViewModelTests.swift; sourceTree = "<group>"; };
		2D2690A02990642400B936C9 /* AboutViewModelTests.swift */ = {isa = PBXFileReference; lastKnownFileType = sourcecode.swift; path = AboutViewModelTests.swift; sourceTree = "<group>"; };
		2D2690A229907D8C00B936C9 /* AbilityExample.json */ = {isa = PBXFileReference; lastKnownFileType = text.json; path = AbilityExample.json; sourceTree = "<group>"; };
		2D37A60629EC6833008B83E3 /* CustomSpinner.swift */ = {isa = PBXFileReference; lastKnownFileType = sourcecode.swift; path = CustomSpinner.swift; sourceTree = "<group>"; };
		2D37A61029EED8F5008B83E3 /* loading4.gif */ = {isa = PBXFileReference; lastKnownFileType = image.gif; path = loading4.gif; sourceTree = "<group>"; };
		2D3AA49F295B72C9000EC287 /* Favourites.swift */ = {isa = PBXFileReference; fileEncoding = 4; lastKnownFileType = sourcecode.swift; path = Favourites.swift; sourceTree = "<group>"; };
		2D4E2054294131D800273DD7 /* FavouritesViewController.swift */ = {isa = PBXFileReference; lastKnownFileType = sourcecode.swift; path = FavouritesViewController.swift; sourceTree = "<group>"; };
		2D4E205A2942094200273DD7 /* SearchViewController.swift */ = {isa = PBXFileReference; lastKnownFileType = sourcecode.swift; path = SearchViewController.swift; sourceTree = "<group>"; };
		2D4E205B2942094200273DD7 /* SearchViewController.xib */ = {isa = PBXFileReference; lastKnownFileType = file.xib; path = SearchViewController.xib; sourceTree = "<group>"; };
		2D4E20612943A36E00273DD7 /* SearchViewModel.swift */ = {isa = PBXFileReference; lastKnownFileType = sourcecode.swift; path = SearchViewModel.swift; sourceTree = "<group>"; };
		2D4E20632945F7AA00273DD7 /* UIViewController+AlertPresentable.swift */ = {isa = PBXFileReference; lastKnownFileType = sourcecode.swift; path = "UIViewController+AlertPresentable.swift"; sourceTree = "<group>"; };
		2D6140F529183C1700D2F68A /* PokemonTableViewCell.swift */ = {isa = PBXFileReference; lastKnownFileType = sourcecode.swift; path = PokemonTableViewCell.swift; sourceTree = "<group>"; };
		2D6140F629183C1700D2F68A /* PokemonTableViewCell.xib */ = {isa = PBXFileReference; lastKnownFileType = file.xib; path = PokemonTableViewCell.xib; sourceTree = "<group>"; };
		2D6141012919A59300D2F68A /* PokemonDetailsViewModel.swift */ = {isa = PBXFileReference; lastKnownFileType = sourcecode.swift; path = PokemonDetailsViewModel.swift; sourceTree = "<group>"; };
		2D614115291ACEB800D2F68A /* UIKit+extensions.swift */ = {isa = PBXFileReference; lastKnownFileType = sourcecode.swift; path = "UIKit+extensions.swift"; sourceTree = "<group>"; };
		2D614117291AE4FC00D2F68A /* AppRouter.swift */ = {isa = PBXFileReference; lastKnownFileType = sourcecode.swift; path = AppRouter.swift; sourceTree = "<group>"; };
		2D614119291C399C00D2F68A /* Constants.swift */ = {isa = PBXFileReference; lastKnownFileType = sourcecode.swift; path = Constants.swift; sourceTree = "<group>"; };
		2D61411B291C415E00D2F68A /* PokemonDetailsViewController.swift */ = {isa = PBXFileReference; lastKnownFileType = sourcecode.swift; path = PokemonDetailsViewController.swift; sourceTree = "<group>"; };
		2D61411C291C415E00D2F68A /* PokemonDetailsViewController.xib */ = {isa = PBXFileReference; lastKnownFileType = file.xib; path = PokemonDetailsViewController.xib; sourceTree = "<group>"; };
		2D614124292162B500D2F68A /* DetailsPageViewController.swift */ = {isa = PBXFileReference; lastKnownFileType = sourcecode.swift; path = DetailsPageViewController.swift; sourceTree = "<group>"; };
		2D61412F29216C7B00D2F68A /* AboutViewController.swift */ = {isa = PBXFileReference; lastKnownFileType = sourcecode.swift; path = AboutViewController.swift; sourceTree = "<group>"; };
		2D61413029216C7B00D2F68A /* AboutViewController.xib */ = {isa = PBXFileReference; lastKnownFileType = file.xib; path = AboutViewController.xib; sourceTree = "<group>"; };
		2D61413329216C8A00D2F68A /* StatsViewController.swift */ = {isa = PBXFileReference; lastKnownFileType = sourcecode.swift; path = StatsViewController.swift; sourceTree = "<group>"; };
		2D61413429216C8A00D2F68A /* StatsViewController.xib */ = {isa = PBXFileReference; lastKnownFileType = file.xib; path = StatsViewController.xib; sourceTree = "<group>"; };
		2D61413729216CA300D2F68A /* EvolutionViewController.swift */ = {isa = PBXFileReference; lastKnownFileType = sourcecode.swift; path = EvolutionViewController.swift; sourceTree = "<group>"; };
		2D61413829216CA300D2F68A /* EvolutionViewController.xib */ = {isa = PBXFileReference; lastKnownFileType = file.xib; path = EvolutionViewController.xib; sourceTree = "<group>"; };
		2D61413B29216E2400D2F68A /* AboutViewModel.swift */ = {isa = PBXFileReference; lastKnownFileType = sourcecode.swift; path = AboutViewModel.swift; sourceTree = "<group>"; };
		2D61413D292176A000D2F68A /* StatsViewModel.swift */ = {isa = PBXFileReference; lastKnownFileType = sourcecode.swift; path = StatsViewModel.swift; sourceTree = "<group>"; };
		2D61413F2921777700D2F68A /* EvolutionViewModel.swift */ = {isa = PBXFileReference; lastKnownFileType = sourcecode.swift; path = EvolutionViewModel.swift; sourceTree = "<group>"; };
		2D61414B2922771200D2F68A /* Orbitron-Regular.ttf */ = {isa = PBXFileReference; lastKnownFileType = file; path = "Orbitron-Regular.ttf"; sourceTree = "<group>"; };
		2D6141542923C51600D2F68A /* Orbitron-Bold.ttf */ = {isa = PBXFileReference; lastKnownFileType = file; path = "Orbitron-Bold.ttf"; sourceTree = "<group>"; };
		2D6946762961DECD0059E5F0 /* LaunchScreenViewController.swift */ = {isa = PBXFileReference; lastKnownFileType = sourcecode.swift; path = LaunchScreenViewController.swift; sourceTree = "<group>"; };
		2D6946772961DECD0059E5F0 /* LaunchScreenViewController.xib */ = {isa = PBXFileReference; lastKnownFileType = file.xib; path = LaunchScreenViewController.xib; sourceTree = "<group>"; };
		2D69467C2961EF2C0059E5F0 /* LaunchVideo.mp4 */ = {isa = PBXFileReference; lastKnownFileType = file; path = LaunchVideo.mp4; sourceTree = "<group>"; };
		2D71F82329CF914E00227CA9 /* PokemonView.swift */ = {isa = PBXFileReference; lastKnownFileType = sourcecode.swift; path = PokemonView.swift; sourceTree = "<group>"; };
		2D71F82C29D21FC700227CA9 /* PokeImage.swift */ = {isa = PBXFileReference; lastKnownFileType = sourcecode.swift; path = PokeImage.swift; sourceTree = "<group>"; };
		2D71F83029D22E7F00227CA9 /* StrokeText.swift */ = {isa = PBXFileReference; lastKnownFileType = sourcecode.swift; path = StrokeText.swift; sourceTree = "<group>"; };
		2D71F83D29D4B06E00227CA9 /* PokeImageModel.swift */ = {isa = PBXFileReference; lastKnownFileType = sourcecode.swift; path = PokeImageModel.swift; sourceTree = "<group>"; };
		2D71F84129D4B13C00227CA9 /* PokemonImageService.swift */ = {isa = PBXFileReference; lastKnownFileType = sourcecode.swift; path = PokemonImageService.swift; sourceTree = "<group>"; };
		2D72885A29E0AA5700D5A5E3 /* TypeModel.swift */ = {isa = PBXFileReference; lastKnownFileType = sourcecode.swift; path = TypeModel.swift; sourceTree = "<group>"; };
		2D72885C29E0AEAC00D5A5E3 /* TypeDetailsViewModel.swift */ = {isa = PBXFileReference; lastKnownFileType = sourcecode.swift; path = TypeDetailsViewModel.swift; sourceTree = "<group>"; };
		2D72885E29E0B41C00D5A5E3 /* TypeDetailsViewController.swift */ = {isa = PBXFileReference; lastKnownFileType = sourcecode.swift; path = TypeDetailsViewController.swift; sourceTree = "<group>"; };
		2D72885F29E0B41C00D5A5E3 /* TypeDetailsViewController.xib */ = {isa = PBXFileReference; lastKnownFileType = file.xib; path = TypeDetailsViewController.xib; sourceTree = "<group>"; };
		2D92AAA529CF2E4C000D570F /* GotchaWidgetExtension.appex */ = {isa = PBXFileReference; explicitFileType = "wrapper.app-extension"; includeInIndex = 0; path = GotchaWidgetExtension.appex; sourceTree = BUILT_PRODUCTS_DIR; };
		2D92AAA629CF2E4C000D570F /* WidgetKit.framework */ = {isa = PBXFileReference; lastKnownFileType = wrapper.framework; name = WidgetKit.framework; path = System/Library/Frameworks/WidgetKit.framework; sourceTree = SDKROOT; };
		2D92AAA829CF2E4C000D570F /* SwiftUI.framework */ = {isa = PBXFileReference; lastKnownFileType = wrapper.framework; name = SwiftUI.framework; path = System/Library/Frameworks/SwiftUI.framework; sourceTree = SDKROOT; };
		2D92AAAB29CF2E4C000D570F /* GotchaWidgetBundle.swift */ = {isa = PBXFileReference; lastKnownFileType = sourcecode.swift; path = GotchaWidgetBundle.swift; sourceTree = "<group>"; };
		2D92AAAD29CF2E4C000D570F /* GotchaWidget.swift */ = {isa = PBXFileReference; lastKnownFileType = sourcecode.swift; path = GotchaWidget.swift; sourceTree = "<group>"; };
		2D92AAAF29CF2E4D000D570F /* Assets.xcassets */ = {isa = PBXFileReference; lastKnownFileType = folder.assetcatalog; path = Assets.xcassets; sourceTree = "<group>"; };
		2D92AAB129CF2E4D000D570F /* Info.plist */ = {isa = PBXFileReference; lastKnownFileType = text.plist.xml; path = Info.plist; sourceTree = "<group>"; };
		2D92AAB929CF6BCE000D570F /* ImageUrl.swift */ = {isa = PBXFileReference; lastKnownFileType = sourcecode.swift; path = ImageUrl.swift; sourceTree = "<group>"; };
		2D92AAC929CF7CDF000D570F /* BackgroundView.swift */ = {isa = PBXFileReference; lastKnownFileType = sourcecode.swift; path = BackgroundView.swift; sourceTree = "<group>"; };
		2DC206BA29E6FCE500374365 /* Gotcha.entitlements */ = {isa = PBXFileReference; lastKnownFileType = text.plist.entitlements; path = Gotcha.entitlements; sourceTree = "<group>"; };
		2DC206BB29E7040200374365 /* GotchaWidgetExtension.entitlements */ = {isa = PBXFileReference; lastKnownFileType = text.plist.entitlements; path = GotchaWidgetExtension.entitlements; sourceTree = "<group>"; };
		2DC206BC29E70C7A00374365 /* DeeplinkHandler.swift */ = {isa = PBXFileReference; lastKnownFileType = sourcecode.swift; path = DeeplinkHandler.swift; sourceTree = "<group>"; };
		2DCA929A29E8924400B0FF46 /* WidgetConstants.swift */ = {isa = PBXFileReference; lastKnownFileType = sourcecode.swift; path = WidgetConstants.swift; sourceTree = "<group>"; };
		2DD0B641290949B6008B9BB5 /* Gotcha.app */ = {isa = PBXFileReference; explicitFileType = wrapper.application; includeInIndex = 0; path = Gotcha.app; sourceTree = BUILT_PRODUCTS_DIR; };
		2DD0B644290949B6008B9BB5 /* AppDelegate.swift */ = {isa = PBXFileReference; lastKnownFileType = sourcecode.swift; path = AppDelegate.swift; sourceTree = "<group>"; };
		2DD0B646290949B6008B9BB5 /* SceneDelegate.swift */ = {isa = PBXFileReference; lastKnownFileType = sourcecode.swift; path = SceneDelegate.swift; sourceTree = "<group>"; };
		2DD0B64D290949B8008B9BB5 /* Assets.xcassets */ = {isa = PBXFileReference; lastKnownFileType = folder.assetcatalog; path = Assets.xcassets; sourceTree = "<group>"; };
		2DD0B652290949B8008B9BB5 /* Info.plist */ = {isa = PBXFileReference; lastKnownFileType = text.plist.xml; path = Info.plist; sourceTree = "<group>"; };
		2DD0B65C290954DC008B9BB5 /* PokemonModel.swift */ = {isa = PBXFileReference; lastKnownFileType = sourcecode.swift; path = PokemonModel.swift; sourceTree = "<group>"; };
		2DD0B661290967D2008B9BB5 /* PokemonAPIService.swift */ = {isa = PBXFileReference; lastKnownFileType = sourcecode.swift; path = PokemonAPIService.swift; sourceTree = "<group>"; };
		2DD0B66429096C0A008B9BB5 /* PokemonListViewModel.swift */ = {isa = PBXFileReference; lastKnownFileType = sourcecode.swift; path = PokemonListViewModel.swift; sourceTree = "<group>"; };
		2DD0B66A290F19D1008B9BB5 /* PokemonViewController.swift */ = {isa = PBXFileReference; lastKnownFileType = sourcecode.swift; path = PokemonViewController.swift; sourceTree = "<group>"; };
		2DD21A9429D61393008B6EE6 /* InfoViewController.swift */ = {isa = PBXFileReference; lastKnownFileType = sourcecode.swift; path = InfoViewController.swift; sourceTree = "<group>"; };
		2DD21A9829D613A1008B6EE6 /* InfoViewModel.swift */ = {isa = PBXFileReference; lastKnownFileType = sourcecode.swift; path = InfoViewModel.swift; sourceTree = "<group>"; };
		2DD21A9A29D753A4008B6EE6 /* InfoCollectionViewCell.swift */ = {isa = PBXFileReference; lastKnownFileType = sourcecode.swift; path = InfoCollectionViewCell.swift; sourceTree = "<group>"; };
		2DD21A9B29D753A4008B6EE6 /* InfoCollectionViewCell.xib */ = {isa = PBXFileReference; lastKnownFileType = file.xib; path = InfoCollectionViewCell.xib; sourceTree = "<group>"; };
		2DD7F7E82A0437060047747C /* TypeTableViewCell.swift */ = {isa = PBXFileReference; lastKnownFileType = sourcecode.swift; path = TypeTableViewCell.swift; sourceTree = "<group>"; };
		2DD7F7E92A0437060047747C /* TypeTableViewCell.xib */ = {isa = PBXFileReference; lastKnownFileType = file.xib; path = TypeTableViewCell.xib; sourceTree = "<group>"; };
		2DD7F7F12A0503AB0047747C /* ResizableTableView.swift */ = {isa = PBXFileReference; lastKnownFileType = sourcecode.swift; path = ResizableTableView.swift; sourceTree = "<group>"; };
		2DD7F7F32A0570E30047747C /* PokeballModel.swift */ = {isa = PBXFileReference; lastKnownFileType = sourcecode.swift; path = PokeballModel.swift; sourceTree = "<group>"; };
		2DDB8FE22970A35600EB2FA3 /* README.md */ = {isa = PBXFileReference; fileEncoding = 4; lastKnownFileType = net.daringfireball.markdown; path = README.md; sourceTree = SOURCE_ROOT; };
		2DDB8FE82970A44700EB2FA3 /* GotchaTests.xctest */ = {isa = PBXFileReference; explicitFileType = wrapper.cfbundle; includeInIndex = 0; path = GotchaTests.xctest; sourceTree = BUILT_PRODUCTS_DIR; };
/* End PBXFileReference section */

/* Begin PBXFrameworksBuildPhase section */
		2D92AAA229CF2E4C000D570F /* Frameworks */ = {
			isa = PBXFrameworksBuildPhase;
			buildActionMask = 2147483647;
			files = (
				2D92AACE29CF850E000D570F /* SDWebImage in Frameworks */,
				2D92AAA929CF2E4C000D570F /* SwiftUI.framework in Frameworks */,
			);
			runOnlyForDeploymentPostprocessing = 0;
		};
		2DD0B63E290949B6008B9BB5 /* Frameworks */ = {
			isa = PBXFrameworksBuildPhase;
			buildActionMask = 2147483647;
			files = (
				2D71F82829CF99B600227CA9 /* URLImage in Frameworks */,
				2D6141002919918300D2F68A /* SDWebImage in Frameworks */,
			);
			runOnlyForDeploymentPostprocessing = 0;
		};
		2DDB8FE52970A44700EB2FA3 /* Frameworks */ = {
			isa = PBXFrameworksBuildPhase;
			buildActionMask = 2147483647;
			files = (
				2D268FF02970A8C900B936C9 /* SDWebImage in Frameworks */,
			);
			runOnlyForDeploymentPostprocessing = 0;
		};
/* End PBXFrameworksBuildPhase section */

/* Begin PBXGroup section */
		2D268FEE2970A8C900B936C9 /* Frameworks */ = {
			isa = PBXGroup;
			children = (
				2D92AAA629CF2E4C000D570F /* WidgetKit.framework */,
				2D92AAA829CF2E4C000D570F /* SwiftUI.framework */,
			);
			name = Frameworks;
			sourceTree = "<group>";
		};
		2D268FF32970B8A600B936C9 /* Mocks */ = {
			isa = PBXGroup;
			children = (
				2D268FF42970B8B200B936C9 /* Mocks.swift */,
				2D2690992990170F00B936C9 /* JSON */,
			);
			path = Mocks;
			sourceTree = "<group>";
		};
		2D2690992990170F00B936C9 /* JSON */ = {
			isa = PBXGroup;
			children = (
				2D26909C299017AB00B936C9 /* StaticJSONReader.swift */,
				2D26909A2990173900B936C9 /* PokemonExample.json */,
				2D2690A229907D8C00B936C9 /* AbilityExample.json */,
			);
			path = JSON;
			sourceTree = "<group>";
		};
		2D37A60829EC683D008B83E3 /* CustomSpinner */ = {
			isa = PBXGroup;
			children = (
				2D37A60629EC6833008B83E3 /* CustomSpinner.swift */,
			);
			path = CustomSpinner;
			sourceTree = "<group>";
		};
		2D37A60929EDC2A9008B83E3 /* Gifs */ = {
			isa = PBXGroup;
			children = (
				2D37A61029EED8F5008B83E3 /* loading4.gif */,
			);
			path = Gifs;
			sourceTree = "<group>";
		};
		2D4E2056294131EA00273DD7 /* Favourites */ = {
			isa = PBXGroup;
			children = (
				2D4E2054294131D800273DD7 /* FavouritesViewController.swift */,
				2D3AA49F295B72C9000EC287 /* Favourites.swift */,
			);
			path = Favourites;
			sourceTree = "<group>";
		};
		2D4E205E2942095100273DD7 /* Search */ = {
			isa = PBXGroup;
			children = (
				2D4E20612943A36E00273DD7 /* SearchViewModel.swift */,
				2D4E205A2942094200273DD7 /* SearchViewController.swift */,
				2D4E205B2942094200273DD7 /* SearchViewController.xib */,
			);
			path = Search;
			sourceTree = "<group>";
		};
		2D6140FD2918408200D2F68A /* PokemonDetails */ = {
			isa = PBXGroup;
			children = (
				2D6141012919A59300D2F68A /* PokemonDetailsViewModel.swift */,
				2D61411B291C415E00D2F68A /* PokemonDetailsViewController.swift */,
				2D61411C291C415E00D2F68A /* PokemonDetailsViewController.xib */,
				2D614126292162BA00D2F68A /* DetailsPage */,
			);
			name = PokemonDetails;
			sourceTree = "<group>";
		};
		2D614114291ACEA900D2F68A /* Utilities */ = {
			isa = PBXGroup;
			children = (
				2D614115291ACEB800D2F68A /* UIKit+extensions.swift */,
				2D4E20632945F7AA00273DD7 /* UIViewController+AlertPresentable.swift */,
				2DD7F7F12A0503AB0047747C /* ResizableTableView.swift */,
			);
			path = Utilities;
			sourceTree = "<group>";
		};
		2D614126292162BA00D2F68A /* DetailsPage */ = {
			isa = PBXGroup;
			children = (
				2D614124292162B500D2F68A /* DetailsPageViewController.swift */,
				2D6141412921778B00D2F68A /* About */,
				2D6141422921779200D2F68A /* Stats */,
				2D6141432921779B00D2F68A /* Evolution */,
			);
			name = DetailsPage;
			sourceTree = "<group>";
		};
		2D6141412921778B00D2F68A /* About */ = {
			isa = PBXGroup;
			children = (
				2D61413B29216E2400D2F68A /* AboutViewModel.swift */,
				2D61412F29216C7B00D2F68A /* AboutViewController.swift */,
				2D61413029216C7B00D2F68A /* AboutViewController.xib */,
			);
			name = About;
			sourceTree = "<group>";
		};
		2D6141422921779200D2F68A /* Stats */ = {
			isa = PBXGroup;
			children = (
				2D61413D292176A000D2F68A /* StatsViewModel.swift */,
				2D61413329216C8A00D2F68A /* StatsViewController.swift */,
				2D61413429216C8A00D2F68A /* StatsViewController.xib */,
			);
			name = Stats;
			sourceTree = "<group>";
		};
		2D6141432921779B00D2F68A /* Evolution */ = {
			isa = PBXGroup;
			children = (
				2D61413F2921777700D2F68A /* EvolutionViewModel.swift */,
				2D61413729216CA300D2F68A /* EvolutionViewController.swift */,
				2D61413829216CA300D2F68A /* EvolutionViewController.xib */,
			);
			name = Evolution;
			sourceTree = "<group>";
		};
		2D6141442922764A00D2F68A /* Fonts */ = {
			isa = PBXGroup;
			children = (
				2D6141542923C51600D2F68A /* Orbitron-Bold.ttf */,
				2D61414B2922771200D2F68A /* Orbitron-Regular.ttf */,
			);
			name = Fonts;
			path = Pokedex/Fonts;
			sourceTree = SOURCE_ROOT;
		};
		2D6946752961DEA50059E5F0 /* LaunchScreen */ = {
			isa = PBXGroup;
			children = (
				2D6946762961DECD0059E5F0 /* LaunchScreenViewController.swift */,
				2D6946772961DECD0059E5F0 /* LaunchScreenViewController.xib */,
				2D69467C2961EF2C0059E5F0 /* LaunchVideo.mp4 */,
			);
			name = LaunchScreen;
			path = Fonts/LaunchScreen;
			sourceTree = "<group>";
		};
		2D71F82529CF91CD00227CA9 /* WidgetViews */ = {
			isa = PBXGroup;
			children = (
				2D71F82329CF914E00227CA9 /* PokemonView.swift */,
				2D92AAC929CF7CDF000D570F /* BackgroundView.swift */,
			);
			path = WidgetViews;
			sourceTree = "<group>";
		};
		2D71F82B29D21FB400227CA9 /* Utilities */ = {
			isa = PBXGroup;
			children = (
				2D92AAB929CF6BCE000D570F /* ImageUrl.swift */,
				2D71F82C29D21FC700227CA9 /* PokeImage.swift */,
				2D71F83029D22E7F00227CA9 /* StrokeText.swift */,
			);
			path = Utilities;
			sourceTree = "<group>";
		};
		2D71F83F29D4B07600227CA9 /* Model */ = {
			isa = PBXGroup;
			children = (
				2D71F83D29D4B06E00227CA9 /* PokeImageModel.swift */,
			);
			path = Model;
			sourceTree = "<group>";
		};
		2D71F84029D4B10A00227CA9 /* Networking */ = {
			isa = PBXGroup;
			children = (
				2D71F84129D4B13C00227CA9 /* PokemonImageService.swift */,
			);
			path = Networking;
			sourceTree = "<group>";
		};
		2D72885929E091CC00D5A5E3 /* TypeDetails */ = {
			isa = PBXGroup;
			children = (
				2D72885C29E0AEAC00D5A5E3 /* TypeDetailsViewModel.swift */,
				2D72885E29E0B41C00D5A5E3 /* TypeDetailsViewController.swift */,
				2D72885F29E0B41C00D5A5E3 /* TypeDetailsViewController.xib */,
				2DD7F7EC2A0437150047747C /* TypeCell */,
			);
			path = TypeDetails;
			sourceTree = "<group>";
		};
		2D92AAAA29CF2E4C000D570F /* GotchaWidget */ = {
			isa = PBXGroup;
			children = (
				2DCA929A29E8924400B0FF46 /* WidgetConstants.swift */,
				2D92AAAB29CF2E4C000D570F /* GotchaWidgetBundle.swift */,
				2D92AAAD29CF2E4C000D570F /* GotchaWidget.swift */,
				2D71F83F29D4B07600227CA9 /* Model */,
				2D71F84029D4B10A00227CA9 /* Networking */,
				2D71F82B29D21FB400227CA9 /* Utilities */,
				2D71F82529CF91CD00227CA9 /* WidgetViews */,
				2D92AAAF29CF2E4D000D570F /* Assets.xcassets */,
				2D92AAB129CF2E4D000D570F /* Info.plist */,
			);
			path = GotchaWidget;
			sourceTree = "<group>";
		};
		2DCA929929E8800200B0FF46 /* DeeplinkHandler */ = {
			isa = PBXGroup;
			children = (
				2DC206BC29E70C7A00374365 /* DeeplinkHandler.swift */,
			);
			path = DeeplinkHandler;
			sourceTree = "<group>";
		};
		2DD0B638290949B6008B9BB5 = {
			isa = PBXGroup;
			children = (
				2DC206BB29E7040200374365 /* GotchaWidgetExtension.entitlements */,
				2DC206BA29E6FCE500374365 /* Gotcha.entitlements */,
				2DD0B643290949B6008B9BB5 /* Pokedex */,
				2DDB8FE92970A44700EB2FA3 /* GotchaTests */,
				2D92AAAA29CF2E4C000D570F /* GotchaWidget */,
				2DD0B642290949B6008B9BB5 /* Products */,
				2D268FEE2970A8C900B936C9 /* Frameworks */,
			);
			sourceTree = "<group>";
		};
		2DD0B642290949B6008B9BB5 /* Products */ = {
			isa = PBXGroup;
			children = (
				2DD0B641290949B6008B9BB5 /* Gotcha.app */,
				2DDB8FE82970A44700EB2FA3 /* GotchaTests.xctest */,
				2D92AAA529CF2E4C000D570F /* GotchaWidgetExtension.appex */,
			);
			name = Products;
			sourceTree = "<group>";
		};
		2DD0B643290949B6008B9BB5 /* Pokedex */ = {
			isa = PBXGroup;
			children = (
				2DDB8FE22970A35600EB2FA3 /* README.md */,
				2DD0B644290949B6008B9BB5 /* AppDelegate.swift */,
				2DD0B646290949B6008B9BB5 /* SceneDelegate.swift */,
				2D614119291C399C00D2F68A /* Constants.swift */,
				2D614117291AE4FC00D2F68A /* AppRouter.swift */,
				2D37A60829EC683D008B83E3 /* CustomSpinner */,
				2DCA929929E8800200B0FF46 /* DeeplinkHandler */,
				2D614114291ACEA900D2F68A /* Utilities */,
				2DD0B660290965B8008B9BB5 /* Networking */,
				2DD0B65E2909658D008B9BB5 /* Model */,
				2DD0B66329096BB5008B9BB5 /* PokemonList */,
				2D6140FD2918408200D2F68A /* PokemonDetails */,
				2D4E205E2942095100273DD7 /* Search */,
				2DD21A9329D61353008B6EE6 /* Types */,
				2D72885929E091CC00D5A5E3 /* TypeDetails */,
				2D4E2056294131EA00273DD7 /* Favourites */,
				2D6946752961DEA50059E5F0 /* LaunchScreen */,
				2D37A60929EDC2A9008B83E3 /* Gifs */,
				2D6141442922764A00D2F68A /* Fonts */,
				2DD0B64D290949B8008B9BB5 /* Assets.xcassets */,
				2DD0B652290949B8008B9BB5 /* Info.plist */,
			);
			path = Pokedex;
			sourceTree = "<group>";
		};
		2DD0B65E2909658D008B9BB5 /* Model */ = {
			isa = PBXGroup;
			children = (
				2DD0B65C290954DC008B9BB5 /* PokemonModel.swift */,
				2D72885A29E0AA5700D5A5E3 /* TypeModel.swift */,
				2DD7F7F32A0570E30047747C /* PokeballModel.swift */,
			);
			path = Model;
			sourceTree = "<group>";
		};
		2DD0B660290965B8008B9BB5 /* Networking */ = {
			isa = PBXGroup;
			children = (
				2DD0B661290967D2008B9BB5 /* PokemonAPIService.swift */,
			);
			path = Networking;
			sourceTree = "<group>";
		};
		2DD0B66329096BB5008B9BB5 /* PokemonList */ = {
			isa = PBXGroup;
			children = (
				2DD0B66429096C0A008B9BB5 /* PokemonListViewModel.swift */,
				2DD0B66A290F19D1008B9BB5 /* PokemonViewController.swift */,
				2D6140F529183C1700D2F68A /* PokemonTableViewCell.swift */,
				2D6140F629183C1700D2F68A /* PokemonTableViewCell.xib */,
			);
			name = PokemonList;
			sourceTree = "<group>";
		};
		2DD21A9329D61353008B6EE6 /* Types */ = {
			isa = PBXGroup;
			children = (
				2DD21A9829D613A1008B6EE6 /* InfoViewModel.swift */,
				2DD21A9429D61393008B6EE6 /* InfoViewController.swift */,
				2DD21A9A29D753A4008B6EE6 /* InfoCollectionViewCell.swift */,
				2DD21A9B29D753A4008B6EE6 /* InfoCollectionViewCell.xib */,
			);
			path = Types;
			sourceTree = "<group>";
		};
		2DD7F7EC2A0437150047747C /* TypeCell */ = {
			isa = PBXGroup;
			children = (
				2DD7F7E82A0437060047747C /* TypeTableViewCell.swift */,
				2DD7F7E92A0437060047747C /* TypeTableViewCell.xib */,
			);
			path = TypeCell;
			sourceTree = "<group>";
		};
		2DDB8FE92970A44700EB2FA3 /* GotchaTests */ = {
			isa = PBXGroup;
			children = (
				2D268FF32970B8A600B936C9 /* Mocks */,
				2D268FF12970B88500B936C9 /* PokemonListViewModelTests.swift */,
				2D269097299011F500B936C9 /* PokemonDetailsViewModelTests.swift */,
				2D26909E2990515300B936C9 /* SearchViewModelTests.swift */,
				2D2690A02990642400B936C9 /* AboutViewModelTests.swift */,
			);
			path = GotchaTests;
			sourceTree = "<group>";
		};
/* End PBXGroup section */

/* Begin PBXNativeTarget section */
		2D92AAA429CF2E4C000D570F /* GotchaWidgetExtension */ = {
			isa = PBXNativeTarget;
			buildConfigurationList = 2D92AAB529CF2E4D000D570F /* Build configuration list for PBXNativeTarget "GotchaWidgetExtension" */;
			buildPhases = (
				2D92AAA129CF2E4C000D570F /* Sources */,
				2D92AAA229CF2E4C000D570F /* Frameworks */,
				2D92AAA329CF2E4C000D570F /* Resources */,
			);
			buildRules = (
			);
			dependencies = (
			);
			name = GotchaWidgetExtension;
			packageProductDependencies = (
				2D92AACD29CF850E000D570F /* SDWebImage */,
			);
			productName = GotchaWidgetExtension;
			productReference = 2D92AAA529CF2E4C000D570F /* GotchaWidgetExtension.appex */;
			productType = "com.apple.product-type.app-extension";
		};
		2DD0B640290949B6008B9BB5 /* Gotcha */ = {
			isa = PBXNativeTarget;
			buildConfigurationList = 2DD0B655290949B8008B9BB5 /* Build configuration list for PBXNativeTarget "Gotcha" */;
			buildPhases = (
				2DD0B63D290949B6008B9BB5 /* Sources */,
				2DD0B63E290949B6008B9BB5 /* Frameworks */,
				2DD0B63F290949B6008B9BB5 /* Resources */,
				2D92AAB829CF2E4D000D570F /* Embed Foundation Extensions */,
			);
			buildRules = (
			);
			dependencies = (
				2D92AAB329CF2E4D000D570F /* PBXTargetDependency */,
			);
			name = Gotcha;
			packageProductDependencies = (
				2D6140FF2919918300D2F68A /* SDWebImage */,
				2D71F82729CF99B600227CA9 /* URLImage */,
			);
			productName = Pokedex;
			productReference = 2DD0B641290949B6008B9BB5 /* Gotcha.app */;
			productType = "com.apple.product-type.application";
		};
		2DDB8FE72970A44700EB2FA3 /* GotchaTests */ = {
			isa = PBXNativeTarget;
			buildConfigurationList = 2DDB8FEE2970A44700EB2FA3 /* Build configuration list for PBXNativeTarget "GotchaTests" */;
			buildPhases = (
				2DDB8FE42970A44700EB2FA3 /* Sources */,
				2DDB8FE52970A44700EB2FA3 /* Frameworks */,
				2DDB8FE62970A44700EB2FA3 /* Resources */,
			);
			buildRules = (
			);
			dependencies = (
				2DDB8FED2970A44700EB2FA3 /* PBXTargetDependency */,
			);
			name = GotchaTests;
			packageProductDependencies = (
				2D268FEF2970A8C900B936C9 /* SDWebImage */,
			);
			productName = GotchaTests;
			productReference = 2DDB8FE82970A44700EB2FA3 /* GotchaTests.xctest */;
			productType = "com.apple.product-type.bundle.unit-test";
		};
/* End PBXNativeTarget section */

/* Begin PBXProject section */
		2DD0B639290949B6008B9BB5 /* Project object */ = {
			isa = PBXProject;
			attributes = {
				BuildIndependentTargetsInParallel = 1;
				LastSwiftUpdateCheck = 1420;
				LastUpgradeCheck = 1340;
				TargetAttributes = {
					2D92AAA429CF2E4C000D570F = {
						CreatedOnToolsVersion = 14.2;
					};
					2DD0B640290949B6008B9BB5 = {
						CreatedOnToolsVersion = 13.4.1;
					};
					2DDB8FE72970A44700EB2FA3 = {
						CreatedOnToolsVersion = 14.2;
						TestTargetID = 2DD0B640290949B6008B9BB5;
					};
				};
			};
			buildConfigurationList = 2DD0B63C290949B6008B9BB5 /* Build configuration list for PBXProject "Gotcha" */;
			compatibilityVersion = "Xcode 13.0";
			developmentRegion = en;
			hasScannedForEncodings = 0;
			knownRegions = (
				en,
				Base,
			);
			mainGroup = 2DD0B638290949B6008B9BB5;
			packageReferences = (
				2D6140FE2919918300D2F68A /* XCRemoteSwiftPackageReference "SDWebImage" */,
				2D71F82629CF99B600227CA9 /* XCRemoteSwiftPackageReference "url-image" */,
			);
			productRefGroup = 2DD0B642290949B6008B9BB5 /* Products */;
			projectDirPath = "";
			projectRoot = "";
			targets = (
				2DD0B640290949B6008B9BB5 /* Gotcha */,
				2DDB8FE72970A44700EB2FA3 /* GotchaTests */,
				2D92AAA429CF2E4C000D570F /* GotchaWidgetExtension */,
			);
		};
/* End PBXProject section */

/* Begin PBXResourcesBuildPhase section */
		2D92AAA329CF2E4C000D570F /* Resources */ = {
			isa = PBXResourcesBuildPhase;
			buildActionMask = 2147483647;
			files = (
				2D71F82F29D223B300227CA9 /* Orbitron-Regular.ttf in Resources */,
				2D71F82E29D223B000227CA9 /* Orbitron-Bold.ttf in Resources */,
				2D92AAB029CF2E4D000D570F /* Assets.xcassets in Resources */,
			);
			runOnlyForDeploymentPostprocessing = 0;
		};
		2DD0B63F290949B6008B9BB5 /* Resources */ = {
			isa = PBXResourcesBuildPhase;
			buildActionMask = 2147483647;
			files = (
				2D61413A29216CA300D2F68A /* EvolutionViewController.xib in Resources */,
				2D72886129E0B41C00D5A5E3 /* TypeDetailsViewController.xib in Resources */,
				2D6140F829183C1700D2F68A /* PokemonTableViewCell.xib in Resources */,
				2DD7F7EB2A0437060047747C /* TypeTableViewCell.xib in Resources */,
				2D69467D2961EF2C0059E5F0 /* LaunchVideo.mp4 in Resources */,
				2D61411E291C415E00D2F68A /* PokemonDetailsViewController.xib in Resources */,
				2D6141512922771200D2F68A /* Orbitron-Regular.ttf in Resources */,
				2D6141552923C51600D2F68A /* Orbitron-Bold.ttf in Resources */,
				2DDB8FE32970A35600EB2FA3 /* README.md in Resources */,
				2D37A61129EED8F5008B83E3 /* loading4.gif in Resources */,
				2DD0B64E290949B8008B9BB5 /* Assets.xcassets in Resources */,
				2D61413629216C8A00D2F68A /* StatsViewController.xib in Resources */,
				2D4E205D2942094200273DD7 /* SearchViewController.xib in Resources */,
				2D61413229216C7B00D2F68A /* AboutViewController.xib in Resources */,
				2D6946792961DECD0059E5F0 /* LaunchScreenViewController.xib in Resources */,
				2DD21A9D29D753A4008B6EE6 /* InfoCollectionViewCell.xib in Resources */,
			);
			runOnlyForDeploymentPostprocessing = 0;
		};
		2DDB8FE62970A44700EB2FA3 /* Resources */ = {
			isa = PBXResourcesBuildPhase;
			buildActionMask = 2147483647;
			files = (
				2D26909B2990173900B936C9 /* PokemonExample.json in Resources */,
				2D2690A329907D8C00B936C9 /* AbilityExample.json in Resources */,
			);
			runOnlyForDeploymentPostprocessing = 0;
		};
/* End PBXResourcesBuildPhase section */

/* Begin PBXSourcesBuildPhase section */
		2D92AAA129CF2E4C000D570F /* Sources */ = {
			isa = PBXSourcesBuildPhase;
			buildActionMask = 2147483647;
			files = (
				2D71F83129D22E7F00227CA9 /* StrokeText.swift in Sources */,
				2D92AACA29CF7CDF000D570F /* BackgroundView.swift in Sources */,
				2D71F83E29D4B06E00227CA9 /* PokeImageModel.swift in Sources */,
				2D92AAAC29CF2E4C000D570F /* GotchaWidgetBundle.swift in Sources */,
				2D92AAAE29CF2E4C000D570F /* GotchaWidget.swift in Sources */,
				2D71F82429CF914E00227CA9 /* PokemonView.swift in Sources */,
				2D71F84229D4B13C00227CA9 /* PokemonImageService.swift in Sources */,
				2DCA929C29E8934100B0FF46 /* WidgetConstants.swift in Sources */,
				2D71F82D29D21FC700227CA9 /* PokeImage.swift in Sources */,
				2D92AACC29CF7DDB000D570F /* ImageUrl.swift in Sources */,
			);
			runOnlyForDeploymentPostprocessing = 0;
		};
		2DD0B63D290949B6008B9BB5 /* Sources */ = {
			isa = PBXSourcesBuildPhase;
			buildActionMask = 2147483647;
			files = (
				2DD0B66529096C0B008B9BB5 /* PokemonListViewModel.swift in Sources */,
				2D6140F729183C1700D2F68A /* PokemonTableViewCell.swift in Sources */,
				2D61413C29216E2400D2F68A /* AboutViewModel.swift in Sources */,
				2DD0B645290949B6008B9BB5 /* AppDelegate.swift in Sources */,
				2D61413E292176A000D2F68A /* StatsViewModel.swift in Sources */,
				2DD7F7F22A0503AB0047747C /* ResizableTableView.swift in Sources */,
				2DD7F7EA2A0437060047747C /* TypeTableViewCell.swift in Sources */,
				2DC206BD29E70C7A00374365 /* DeeplinkHandler.swift in Sources */,
				2DD0B66B290F19D1008B9BB5 /* PokemonViewController.swift in Sources */,
				2DD7F7F42A0570E30047747C /* PokeballModel.swift in Sources */,
				2D61411A291C399C00D2F68A /* Constants.swift in Sources */,
				2DD0B647290949B6008B9BB5 /* SceneDelegate.swift in Sources */,
				2D614118291AE4FC00D2F68A /* AppRouter.swift in Sources */,
				2D72885D29E0AEAC00D5A5E3 /* TypeDetailsViewModel.swift in Sources */,
				2D614125292162B500D2F68A /* DetailsPageViewController.swift in Sources */,
				2DD0B65D290954DC008B9BB5 /* PokemonModel.swift in Sources */,
				2D614116291ACEB800D2F68A /* UIKit+extensions.swift in Sources */,
				2D4E2055294131D800273DD7 /* FavouritesViewController.swift in Sources */,
				2D61413129216C7B00D2F68A /* AboutViewController.swift in Sources */,
				2DD21A9929D613A1008B6EE6 /* InfoViewModel.swift in Sources */,
				2DD21A9629D61393008B6EE6 /* InfoViewController.swift in Sources */,
				2D6141402921777700D2F68A /* EvolutionViewModel.swift in Sources */,
				2D37A60729EC6836008B83E3 /* CustomSpinner.swift in Sources */,
				2D3AA4A0295B72C9000EC287 /* Favourites.swift in Sources */,
				2DD0B662290967D2008B9BB5 /* PokemonAPIService.swift in Sources */,
				2D61413929216CA300D2F68A /* EvolutionViewController.swift in Sources */,
				2D72885B29E0AA5700D5A5E3 /* TypeModel.swift in Sources */,
				2D6946782961DECD0059E5F0 /* LaunchScreenViewController.swift in Sources */,
				2D6141022919A59300D2F68A /* PokemonDetailsViewModel.swift in Sources */,
				2D4E20622943A36E00273DD7 /* SearchViewModel.swift in Sources */,
				2D61413529216C8A00D2F68A /* StatsViewController.swift in Sources */,
				2D72886029E0B41C00D5A5E3 /* TypeDetailsViewController.swift in Sources */,
				2DD21A9C29D753A4008B6EE6 /* InfoCollectionViewCell.swift in Sources */,
				2D4E20642945F7AA00273DD7 /* UIViewController+AlertPresentable.swift in Sources */,
				2D61411D291C415E00D2F68A /* PokemonDetailsViewController.swift in Sources */,
				2D4E205C2942094200273DD7 /* SearchViewController.swift in Sources */,
			);
			runOnlyForDeploymentPostprocessing = 0;
		};
		2DDB8FE42970A44700EB2FA3 /* Sources */ = {
			isa = PBXSourcesBuildPhase;
			buildActionMask = 2147483647;
			files = (
				2D2690A12990642400B936C9 /* AboutViewModelTests.swift in Sources */,
				2D269098299011F500B936C9 /* PokemonDetailsViewModelTests.swift in Sources */,
				2D268FF22970B88500B936C9 /* PokemonListViewModelTests.swift in Sources */,
				2D26909D299017AB00B936C9 /* StaticJSONReader.swift in Sources */,
				2D268FF52970B8B200B936C9 /* Mocks.swift in Sources */,
				2D26909F2990515300B936C9 /* SearchViewModelTests.swift in Sources */,
			);
			runOnlyForDeploymentPostprocessing = 0;
		};
/* End PBXSourcesBuildPhase section */

/* Begin PBXTargetDependency section */
		2D92AAB329CF2E4D000D570F /* PBXTargetDependency */ = {
			isa = PBXTargetDependency;
			target = 2D92AAA429CF2E4C000D570F /* GotchaWidgetExtension */;
			targetProxy = 2D92AAB229CF2E4D000D570F /* PBXContainerItemProxy */;
		};
		2DDB8FED2970A44700EB2FA3 /* PBXTargetDependency */ = {
			isa = PBXTargetDependency;
			target = 2DD0B640290949B6008B9BB5 /* Gotcha */;
			targetProxy = 2DDB8FEC2970A44700EB2FA3 /* PBXContainerItemProxy */;
		};
/* End PBXTargetDependency section */

/* Begin XCBuildConfiguration section */
		2D92AAB629CF2E4D000D570F /* Debug */ = {
			isa = XCBuildConfiguration;
			buildSettings = {
				ASSETCATALOG_COMPILER_GLOBAL_ACCENT_COLOR_NAME = AccentColor;
				ASSETCATALOG_COMPILER_WIDGET_BACKGROUND_COLOR_NAME = WidgetBackground;
				CLANG_CXX_LANGUAGE_STANDARD = "gnu++20";
				CODE_SIGN_ENTITLEMENTS = GotchaWidgetExtension.entitlements;
				CODE_SIGN_STYLE = Automatic;
				CURRENT_PROJECT_VERSION = 1;
				DEVELOPMENT_TEAM = 2H8VP26HBU;
				GENERATE_INFOPLIST_FILE = YES;
				INFOPLIST_FILE = GotchaWidget/Info.plist;
				INFOPLIST_KEY_CFBundleDisplayName = GotchaWidget;
				INFOPLIST_KEY_NSHumanReadableCopyright = "";
				IPHONEOS_DEPLOYMENT_TARGET = 16.0;
				LD_RUNPATH_SEARCH_PATHS = (
					"$(inherited)",
					"@executable_path/Frameworks",
					"@executable_path/../../Frameworks",
				);
				MARKETING_VERSION = 1.0;
				PRODUCT_BUNDLE_IDENTIFIER = odrzywolekmarta.Gotcha.GotchaWidget;
				PRODUCT_NAME = "$(TARGET_NAME)";
				SKIP_INSTALL = YES;
				SWIFT_EMIT_LOC_STRINGS = YES;
				SWIFT_VERSION = 5.0;
				TARGETED_DEVICE_FAMILY = 1;
			};
			name = Debug;
		};
		2D92AAB729CF2E4D000D570F /* Release */ = {
			isa = XCBuildConfiguration;
			buildSettings = {
				ASSETCATALOG_COMPILER_GLOBAL_ACCENT_COLOR_NAME = AccentColor;
				ASSETCATALOG_COMPILER_WIDGET_BACKGROUND_COLOR_NAME = WidgetBackground;
				CLANG_CXX_LANGUAGE_STANDARD = "gnu++20";
				CODE_SIGN_ENTITLEMENTS = GotchaWidgetExtension.entitlements;
				CODE_SIGN_STYLE = Automatic;
				CURRENT_PROJECT_VERSION = 1;
				DEVELOPMENT_TEAM = 2H8VP26HBU;
				GENERATE_INFOPLIST_FILE = YES;
				INFOPLIST_FILE = GotchaWidget/Info.plist;
				INFOPLIST_KEY_CFBundleDisplayName = GotchaWidget;
				INFOPLIST_KEY_NSHumanReadableCopyright = "";
				IPHONEOS_DEPLOYMENT_TARGET = 16.0;
				LD_RUNPATH_SEARCH_PATHS = (
					"$(inherited)",
					"@executable_path/Frameworks",
					"@executable_path/../../Frameworks",
				);
				MARKETING_VERSION = 1.0;
				PRODUCT_BUNDLE_IDENTIFIER = odrzywolekmarta.Gotcha.GotchaWidget;
				PRODUCT_NAME = "$(TARGET_NAME)";
				SKIP_INSTALL = YES;
				SWIFT_EMIT_LOC_STRINGS = YES;
				SWIFT_VERSION = 5.0;
				TARGETED_DEVICE_FAMILY = 1;
			};
			name = Release;
		};
		2DD0B653290949B8008B9BB5 /* Debug */ = {
			isa = XCBuildConfiguration;
			buildSettings = {
				ALWAYS_SEARCH_USER_PATHS = NO;
				CLANG_ANALYZER_NONNULL = YES;
				CLANG_ANALYZER_NUMBER_OBJECT_CONVERSION = YES_AGGRESSIVE;
				CLANG_CXX_LANGUAGE_STANDARD = "gnu++17";
				CLANG_ENABLE_MODULES = YES;
				CLANG_ENABLE_OBJC_ARC = YES;
				CLANG_ENABLE_OBJC_WEAK = YES;
				CLANG_WARN_BLOCK_CAPTURE_AUTORELEASING = YES;
				CLANG_WARN_BOOL_CONVERSION = YES;
				CLANG_WARN_COMMA = YES;
				CLANG_WARN_CONSTANT_CONVERSION = YES;
				CLANG_WARN_DEPRECATED_OBJC_IMPLEMENTATIONS = YES;
				CLANG_WARN_DIRECT_OBJC_ISA_USAGE = YES_ERROR;
				CLANG_WARN_DOCUMENTATION_COMMENTS = YES;
				CLANG_WARN_EMPTY_BODY = YES;
				CLANG_WARN_ENUM_CONVERSION = YES;
				CLANG_WARN_INFINITE_RECURSION = YES;
				CLANG_WARN_INT_CONVERSION = YES;
				CLANG_WARN_NON_LITERAL_NULL_CONVERSION = YES;
				CLANG_WARN_OBJC_IMPLICIT_RETAIN_SELF = YES;
				CLANG_WARN_OBJC_LITERAL_CONVERSION = YES;
				CLANG_WARN_OBJC_ROOT_CLASS = YES_ERROR;
				CLANG_WARN_QUOTED_INCLUDE_IN_FRAMEWORK_HEADER = YES;
				CLANG_WARN_RANGE_LOOP_ANALYSIS = YES;
				CLANG_WARN_STRICT_PROTOTYPES = YES;
				CLANG_WARN_SUSPICIOUS_MOVE = YES;
				CLANG_WARN_UNGUARDED_AVAILABILITY = YES_AGGRESSIVE;
				CLANG_WARN_UNREACHABLE_CODE = YES;
				CLANG_WARN__DUPLICATE_METHOD_MATCH = YES;
				COPY_PHASE_STRIP = NO;
				DEBUG_INFORMATION_FORMAT = dwarf;
				ENABLE_STRICT_OBJC_MSGSEND = YES;
				ENABLE_TESTABILITY = YES;
				GCC_C_LANGUAGE_STANDARD = gnu11;
				GCC_DYNAMIC_NO_PIC = NO;
				GCC_NO_COMMON_BLOCKS = YES;
				GCC_OPTIMIZATION_LEVEL = 0;
				GCC_PREPROCESSOR_DEFINITIONS = (
					"DEBUG=1",
					"$(inherited)",
				);
				GCC_WARN_64_TO_32_BIT_CONVERSION = YES;
				GCC_WARN_ABOUT_RETURN_TYPE = YES_ERROR;
				GCC_WARN_UNDECLARED_SELECTOR = YES;
				GCC_WARN_UNINITIALIZED_AUTOS = YES_AGGRESSIVE;
				GCC_WARN_UNUSED_FUNCTION = YES;
				GCC_WARN_UNUSED_VARIABLE = YES;
				IPHONEOS_DEPLOYMENT_TARGET = 15.5;
				MTL_ENABLE_DEBUG_INFO = INCLUDE_SOURCE;
				MTL_FAST_MATH = YES;
				ONLY_ACTIVE_ARCH = YES;
				SDKROOT = iphoneos;
				SWIFT_ACTIVE_COMPILATION_CONDITIONS = DEBUG;
				SWIFT_OPTIMIZATION_LEVEL = "-Onone";
			};
			name = Debug;
		};
		2DD0B654290949B8008B9BB5 /* Release */ = {
			isa = XCBuildConfiguration;
			buildSettings = {
				ALWAYS_SEARCH_USER_PATHS = NO;
				CLANG_ANALYZER_NONNULL = YES;
				CLANG_ANALYZER_NUMBER_OBJECT_CONVERSION = YES_AGGRESSIVE;
				CLANG_CXX_LANGUAGE_STANDARD = "gnu++17";
				CLANG_ENABLE_MODULES = YES;
				CLANG_ENABLE_OBJC_ARC = YES;
				CLANG_ENABLE_OBJC_WEAK = YES;
				CLANG_WARN_BLOCK_CAPTURE_AUTORELEASING = YES;
				CLANG_WARN_BOOL_CONVERSION = YES;
				CLANG_WARN_COMMA = YES;
				CLANG_WARN_CONSTANT_CONVERSION = YES;
				CLANG_WARN_DEPRECATED_OBJC_IMPLEMENTATIONS = YES;
				CLANG_WARN_DIRECT_OBJC_ISA_USAGE = YES_ERROR;
				CLANG_WARN_DOCUMENTATION_COMMENTS = YES;
				CLANG_WARN_EMPTY_BODY = YES;
				CLANG_WARN_ENUM_CONVERSION = YES;
				CLANG_WARN_INFINITE_RECURSION = YES;
				CLANG_WARN_INT_CONVERSION = YES;
				CLANG_WARN_NON_LITERAL_NULL_CONVERSION = YES;
				CLANG_WARN_OBJC_IMPLICIT_RETAIN_SELF = YES;
				CLANG_WARN_OBJC_LITERAL_CONVERSION = YES;
				CLANG_WARN_OBJC_ROOT_CLASS = YES_ERROR;
				CLANG_WARN_QUOTED_INCLUDE_IN_FRAMEWORK_HEADER = YES;
				CLANG_WARN_RANGE_LOOP_ANALYSIS = YES;
				CLANG_WARN_STRICT_PROTOTYPES = YES;
				CLANG_WARN_SUSPICIOUS_MOVE = YES;
				CLANG_WARN_UNGUARDED_AVAILABILITY = YES_AGGRESSIVE;
				CLANG_WARN_UNREACHABLE_CODE = YES;
				CLANG_WARN__DUPLICATE_METHOD_MATCH = YES;
				COPY_PHASE_STRIP = NO;
				DEBUG_INFORMATION_FORMAT = "dwarf-with-dsym";
				ENABLE_NS_ASSERTIONS = NO;
				ENABLE_STRICT_OBJC_MSGSEND = YES;
				GCC_C_LANGUAGE_STANDARD = gnu11;
				GCC_NO_COMMON_BLOCKS = YES;
				GCC_WARN_64_TO_32_BIT_CONVERSION = YES;
				GCC_WARN_ABOUT_RETURN_TYPE = YES_ERROR;
				GCC_WARN_UNDECLARED_SELECTOR = YES;
				GCC_WARN_UNINITIALIZED_AUTOS = YES_AGGRESSIVE;
				GCC_WARN_UNUSED_FUNCTION = YES;
				GCC_WARN_UNUSED_VARIABLE = YES;
				IPHONEOS_DEPLOYMENT_TARGET = 15.5;
				MTL_ENABLE_DEBUG_INFO = NO;
				MTL_FAST_MATH = YES;
				SDKROOT = iphoneos;
				SWIFT_COMPILATION_MODE = wholemodule;
				SWIFT_OPTIMIZATION_LEVEL = "-O";
				VALIDATE_PRODUCT = YES;
			};
			name = Release;
		};
		2DD0B656290949B8008B9BB5 /* Debug */ = {
			isa = XCBuildConfiguration;
			buildSettings = {
				ALWAYS_EMBED_SWIFT_STANDARD_LIBRARIES = YES;
				ASSETCATALOG_COMPILER_APPICON_NAME = AppIcon;
				ASSETCATALOG_COMPILER_GLOBAL_ACCENT_COLOR_NAME = AccentColor;
				CODE_SIGN_ENTITLEMENTS = Gotcha.entitlements;
				CODE_SIGN_STYLE = Automatic;
				CURRENT_PROJECT_VERSION = 1;
				DEVELOPMENT_TEAM = 2H8VP26HBU;
				GENERATE_INFOPLIST_FILE = YES;
				INFOPLIST_FILE = Pokedex/Info.plist;
				INFOPLIST_KEY_UIApplicationSupportsIndirectInputEvents = YES;
				INFOPLIST_KEY_UILaunchStoryboardName = "";
				INFOPLIST_KEY_UISupportedInterfaceOrientations_iPad = "UIInterfaceOrientationPortrait UIInterfaceOrientationPortraitUpsideDown UIInterfaceOrientationLandscapeLeft UIInterfaceOrientationLandscapeRight";
				INFOPLIST_KEY_UISupportedInterfaceOrientations_iPhone = "UIInterfaceOrientationPortrait UIInterfaceOrientationLandscapeLeft UIInterfaceOrientationLandscapeRight";
				INFOPLIST_KEY_UIUserInterfaceStyle = Light;
				LD_RUNPATH_SEARCH_PATHS = (
					"$(inherited)",
					"@executable_path/Frameworks",
				);
				MARKETING_VERSION = 1.0;
				PRODUCT_BUNDLE_IDENTIFIER = odrzywolekmarta.Gotcha;
				PRODUCT_NAME = "$(TARGET_NAME)";
				SWIFT_EMIT_LOC_STRINGS = YES;
				SWIFT_VERSION = 5.0;
				TARGETED_DEVICE_FAMILY = "1,2";
			};
			name = Debug;
		};
		2DD0B657290949B8008B9BB5 /* Release */ = {
			isa = XCBuildConfiguration;
			buildSettings = {
				ALWAYS_EMBED_SWIFT_STANDARD_LIBRARIES = YES;
				ASSETCATALOG_COMPILER_APPICON_NAME = AppIcon;
				ASSETCATALOG_COMPILER_GLOBAL_ACCENT_COLOR_NAME = AccentColor;
				CODE_SIGN_ENTITLEMENTS = Gotcha.entitlements;
				CODE_SIGN_STYLE = Automatic;
				CURRENT_PROJECT_VERSION = 1;
				DEVELOPMENT_TEAM = 2H8VP26HBU;
				GENERATE_INFOPLIST_FILE = YES;
				INFOPLIST_FILE = Pokedex/Info.plist;
				INFOPLIST_KEY_UIApplicationSupportsIndirectInputEvents = YES;
				INFOPLIST_KEY_UILaunchStoryboardName = "";
				INFOPLIST_KEY_UISupportedInterfaceOrientations_iPad = "UIInterfaceOrientationPortrait UIInterfaceOrientationPortraitUpsideDown UIInterfaceOrientationLandscapeLeft UIInterfaceOrientationLandscapeRight";
				INFOPLIST_KEY_UISupportedInterfaceOrientations_iPhone = "UIInterfaceOrientationPortrait UIInterfaceOrientationLandscapeLeft UIInterfaceOrientationLandscapeRight";
				INFOPLIST_KEY_UIUserInterfaceStyle = Light;
				LD_RUNPATH_SEARCH_PATHS = (
					"$(inherited)",
					"@executable_path/Frameworks",
				);
				MARKETING_VERSION = 1.0;
				PRODUCT_BUNDLE_IDENTIFIER = odrzywolekmarta.Gotcha;
				PRODUCT_NAME = "$(TARGET_NAME)";
				SWIFT_EMIT_LOC_STRINGS = YES;
				SWIFT_VERSION = 5.0;
				TARGETED_DEVICE_FAMILY = "1,2";
			};
			name = Release;
		};
		2DDB8FEF2970A44700EB2FA3 /* Debug */ = {
			isa = XCBuildConfiguration;
			buildSettings = {
				BUNDLE_LOADER = "$(TEST_HOST)";
				CLANG_CXX_LANGUAGE_STANDARD = "gnu++20";
				CODE_SIGN_STYLE = Automatic;
				CURRENT_PROJECT_VERSION = 1;
				DEVELOPMENT_TEAM = 2H8VP26HBU;
				GENERATE_INFOPLIST_FILE = YES;
				IPHONEOS_DEPLOYMENT_TARGET = 16.2;
				MARKETING_VERSION = 1.0;
				PRODUCT_BUNDLE_IDENTIFIER = odrzywolek.marta.GotchaTests;
				PRODUCT_NAME = "$(TARGET_NAME)";
				SWIFT_EMIT_LOC_STRINGS = NO;
				SWIFT_VERSION = 5.0;
				TARGETED_DEVICE_FAMILY = "1,2";
				TEST_HOST = "$(BUILT_PRODUCTS_DIR)/Gotcha.app/$(BUNDLE_EXECUTABLE_FOLDER_PATH)/Gotcha";
			};
			name = Debug;
		};
		2DDB8FF02970A44700EB2FA3 /* Release */ = {
			isa = XCBuildConfiguration;
			buildSettings = {
				BUNDLE_LOADER = "$(TEST_HOST)";
				CLANG_CXX_LANGUAGE_STANDARD = "gnu++20";
				CODE_SIGN_STYLE = Automatic;
				CURRENT_PROJECT_VERSION = 1;
				DEVELOPMENT_TEAM = 2H8VP26HBU;
				GENERATE_INFOPLIST_FILE = YES;
				IPHONEOS_DEPLOYMENT_TARGET = 16.2;
				MARKETING_VERSION = 1.0;
				PRODUCT_BUNDLE_IDENTIFIER = odrzywolek.marta.GotchaTests;
				PRODUCT_NAME = "$(TARGET_NAME)";
				SWIFT_EMIT_LOC_STRINGS = NO;
				SWIFT_VERSION = 5.0;
				TARGETED_DEVICE_FAMILY = "1,2";
				TEST_HOST = "$(BUILT_PRODUCTS_DIR)/Gotcha.app/$(BUNDLE_EXECUTABLE_FOLDER_PATH)/Gotcha";
			};
			name = Release;
		};
/* End XCBuildConfiguration section */

/* Begin XCConfigurationList section */
		2D92AAB529CF2E4D000D570F /* Build configuration list for PBXNativeTarget "GotchaWidgetExtension" */ = {
			isa = XCConfigurationList;
			buildConfigurations = (
				2D92AAB629CF2E4D000D570F /* Debug */,
				2D92AAB729CF2E4D000D570F /* Release */,
			);
			defaultConfigurationIsVisible = 0;
			defaultConfigurationName = Release;
		};
		2DD0B63C290949B6008B9BB5 /* Build configuration list for PBXProject "Gotcha" */ = {
			isa = XCConfigurationList;
			buildConfigurations = (
				2DD0B653290949B8008B9BB5 /* Debug */,
				2DD0B654290949B8008B9BB5 /* Release */,
			);
			defaultConfigurationIsVisible = 0;
			defaultConfigurationName = Release;
		};
		2DD0B655290949B8008B9BB5 /* Build configuration list for PBXNativeTarget "Gotcha" */ = {
			isa = XCConfigurationList;
			buildConfigurations = (
				2DD0B656290949B8008B9BB5 /* Debug */,
				2DD0B657290949B8008B9BB5 /* Release */,
			);
			defaultConfigurationIsVisible = 0;
			defaultConfigurationName = Release;
		};
		2DDB8FEE2970A44700EB2FA3 /* Build configuration list for PBXNativeTarget "GotchaTests" */ = {
			isa = XCConfigurationList;
			buildConfigurations = (
				2DDB8FEF2970A44700EB2FA3 /* Debug */,
				2DDB8FF02970A44700EB2FA3 /* Release */,
			);
			defaultConfigurationIsVisible = 0;
			defaultConfigurationName = Release;
		};
/* End XCConfigurationList section */

/* Begin XCRemoteSwiftPackageReference section */
		2D6140FE2919918300D2F68A /* XCRemoteSwiftPackageReference "SDWebImage" */ = {
			isa = XCRemoteSwiftPackageReference;
			repositoryURL = "https://github.com/SDWebImage/SDWebImage.git";
			requirement = {
				kind = upToNextMajorVersion;
				minimumVersion = 5.0.0;
			};
		};
		2D71F82629CF99B600227CA9 /* XCRemoteSwiftPackageReference "url-image" */ = {
			isa = XCRemoteSwiftPackageReference;
			repositoryURL = "https://github.com/dmytro-anokhin/url-image.git";
			requirement = {
				kind = upToNextMajorVersion;
				minimumVersion = 3.0.0;
			};
		};
/* End XCRemoteSwiftPackageReference section */

/* Begin XCSwiftPackageProductDependency section */
		2D268FEF2970A8C900B936C9 /* SDWebImage */ = {
			isa = XCSwiftPackageProductDependency;
			package = 2D6140FE2919918300D2F68A /* XCRemoteSwiftPackageReference "SDWebImage" */;
			productName = SDWebImage;
		};
		2D6140FF2919918300D2F68A /* SDWebImage */ = {
			isa = XCSwiftPackageProductDependency;
			package = 2D6140FE2919918300D2F68A /* XCRemoteSwiftPackageReference "SDWebImage" */;
			productName = SDWebImage;
		};
		2D71F82729CF99B600227CA9 /* URLImage */ = {
			isa = XCSwiftPackageProductDependency;
			package = 2D71F82629CF99B600227CA9 /* XCRemoteSwiftPackageReference "url-image" */;
			productName = URLImage;
		};
		2D92AACD29CF850E000D570F /* SDWebImage */ = {
			isa = XCSwiftPackageProductDependency;
			package = 2D6140FE2919918300D2F68A /* XCRemoteSwiftPackageReference "SDWebImage" */;
			productName = SDWebImage;
		};
/* End XCSwiftPackageProductDependency section */
	};
	rootObject = 2DD0B639290949B6008B9BB5 /* Project object */;
}
